// !$*UTF8*$!
{
	archiveVersion = 1;
	classes = {
	};
	objectVersion = 50;
	objects = {

/* Begin PBXBuildFile section */
		7BA6CD44D1EAE535350AD197 /* Pods_Twy222.framework in Frameworks */ = {isa = PBXBuildFile; fileRef = 97B938B956C54BF0C7E71FDA /* Pods_Twy222.framework */; };
		DE4BB555903B5025778A1A4A /* Pods_TwyTodayExt.framework in Frameworks */ = {isa = PBXBuildFile; fileRef = FCDE87C5520862142ACA093C /* Pods_TwyTodayExt.framework */; };
		E204CCE421FC8B5E006286FB /* AkApiManager.swift in Sources */ = {isa = PBXBuildFile; fileRef = E204CCE321FC8B5E006286FB /* AkApiManager.swift */; };
		E204CCE621FC8B92006286FB /* AkUtils.swift in Sources */ = {isa = PBXBuildFile; fileRef = E204CCE521FC8B92006286FB /* AkUtils.swift */; };
		E204CCE821FC9A43006286FB /* AkApiBase.swift in Sources */ = {isa = PBXBuildFile; fileRef = E204CCE721FC9A43006286FB /* AkApiBase.swift */; };
		E204CCEA21FC9DCB006286FB /* AkApiStation.swift in Sources */ = {isa = PBXBuildFile; fileRef = E204CCE921FC9DCB006286FB /* AkApiStation.swift */; };
		E204CCEC21FC9EC0006286FB /* AkApiStationModel.swift in Sources */ = {isa = PBXBuildFile; fileRef = E204CCEB21FC9EC0006286FB /* AkApiStationModel.swift */; };
		E204CCF221FCBB46006286FB /* AkApiAirPmModel.swift in Sources */ = {isa = PBXBuildFile; fileRef = E204CCF121FCBB46006286FB /* AkApiAirPmModel.swift */; };
		E204CCF421FCBC2B006286FB /* AkApiAirPm.swift in Sources */ = {isa = PBXBuildFile; fileRef = E204CCF321FCBC2B006286FB /* AkApiAirPm.swift */; };
		E204CCF721FD5E82006286FB /* VCAir.swift in Sources */ = {isa = PBXBuildFile; fileRef = E204CCF621FD5E82006286FB /* VCAir.swift */; };
		E204CCFF22036BE5006286FB /* ErrorModel.swift in Sources */ = {isa = PBXBuildFile; fileRef = E204CCFE22036BE5006286FB /* ErrorModel.swift */; };
		E204CD1D22042D0F006286FB /* Alamofire.framework in Frameworks */ = {isa = PBXBuildFile; fileRef = E204CD1C22042D0F006286FB /* Alamofire.framework */; };
		E204CD1F22042DFE006286FB /* SwiftyJSON.framework in Frameworks */ = {isa = PBXBuildFile; fileRef = E204CD1E22042DFE006286FB /* SwiftyJSON.framework */; };
		E204CD262204569D006286FB /* NotificationCenter.framework in Frameworks */ = {isa = PBXBuildFile; fileRef = E204CD252204569D006286FB /* NotificationCenter.framework */; };
		E204CD292204569D006286FB /* TodayViewController.swift in Sources */ = {isa = PBXBuildFile; fileRef = E204CD282204569D006286FB /* TodayViewController.swift */; };
		E204CD2C2204569D006286FB /* MainInterface.storyboard in Resources */ = {isa = PBXBuildFile; fileRef = E204CD2A2204569D006286FB /* MainInterface.storyboard */; };
		E204CD302204569D006286FB /* TwyTodayExt.appex in Embed App Extensions */ = {isa = PBXBuildFile; fileRef = E204CD242204569C006286FB /* TwyTodayExt.appex */; settings = {ATTRIBUTES = (RemoveHeadersOnCopy, ); }; };
		E204CD5D2204CA36006286FB /* CoreDataManager.swift in Sources */ = {isa = PBXBuildFile; fileRef = E204CD5C2204CA36006286FB /* CoreDataManager.swift */; };
		E204CD622206BA78006286FB /* ViewControllerCore.swift in Sources */ = {isa = PBXBuildFile; fileRef = E204CD612206BA78006286FB /* ViewControllerCore.swift */; };
		E204CD642206CC48006286FB /* AppManager.swift in Sources */ = {isa = PBXBuildFile; fileRef = E204CD632206CC48006286FB /* AppManager.swift */; };
		E204CD65220991A4006286FB /* NanumGothic.ttf in Resources */ = {isa = PBXBuildFile; fileRef = E27AD5D921E6710900CD67B6 /* NanumGothic.ttf */; };
		E204CD66220991B5006286FB /* 14.png in Resources */ = {isa = PBXBuildFile; fileRef = E27AD5DC21E6EAD100CD67B6 /* 14.png */; };
		E204CD67220991B5006286FB /* 28.png in Resources */ = {isa = PBXBuildFile; fileRef = E27AD5DD21E6EAD100CD67B6 /* 28.png */; };
		E204CD68220991B5006286FB /* 29.png in Resources */ = {isa = PBXBuildFile; fileRef = E27AD5DE21E6EAD100CD67B6 /* 29.png */; };
		E204CD69220991B5006286FB /* 01.png in Resources */ = {isa = PBXBuildFile; fileRef = E27AD5DF21E6EAD100CD67B6 /* 01.png */; };
		E204CD6A220991B5006286FB /* 15.png in Resources */ = {isa = PBXBuildFile; fileRef = E27AD5E021E6EAD100CD67B6 /* 15.png */; };
		E204CD6B220991B5006286FB /* 03.png in Resources */ = {isa = PBXBuildFile; fileRef = E27AD5E121E6EAD100CD67B6 /* 03.png */; };
		E204CD6C220991B5006286FB /* 17.png in Resources */ = {isa = PBXBuildFile; fileRef = E27AD5E221E6EAD100CD67B6 /* 17.png */; };
		E204CD6D220991B5006286FB /* 16.png in Resources */ = {isa = PBXBuildFile; fileRef = E27AD5E321E6EAD100CD67B6 /* 16.png */; };
		E204CD6E220991B5006286FB /* 02.png in Resources */ = {isa = PBXBuildFile; fileRef = E27AD5E421E6EAD100CD67B6 /* 02.png */; };
		E204CD6F220991B5006286FB /* 06.png in Resources */ = {isa = PBXBuildFile; fileRef = E27AD5E521E6EAD100CD67B6 /* 06.png */; };
		E204CD70220991B5006286FB /* 12.png in Resources */ = {isa = PBXBuildFile; fileRef = E27AD5E621E6EAD100CD67B6 /* 12.png */; };
		E204CD71220991B5006286FB /* 13.png in Resources */ = {isa = PBXBuildFile; fileRef = E27AD5E721E6EAD100CD67B6 /* 13.png */; };
		E204CD72220991B5006286FB /* 07.png in Resources */ = {isa = PBXBuildFile; fileRef = E27AD5E821E6EAD100CD67B6 /* 07.png */; };
		E204CD73220991B5006286FB /* 39.png in Resources */ = {isa = PBXBuildFile; fileRef = E27AD5E921E6EAD100CD67B6 /* 39.png */; };
		E204CD74220991B5006286FB /* 11.png in Resources */ = {isa = PBXBuildFile; fileRef = E27AD5EA21E6EAD100CD67B6 /* 11.png */; };
		E204CD75220991B5006286FB /* 05.png in Resources */ = {isa = PBXBuildFile; fileRef = E27AD5EB21E6EAD100CD67B6 /* 05.png */; };
		E204CD76220991B5006286FB /* 04.png in Resources */ = {isa = PBXBuildFile; fileRef = E27AD5EC21E6EAD100CD67B6 /* 04.png */; };
		E204CD77220991B5006286FB /* 10.png in Resources */ = {isa = PBXBuildFile; fileRef = E27AD5ED21E6EAD100CD67B6 /* 10.png */; };
		E204CD78220991B5006286FB /* 38.png in Resources */ = {isa = PBXBuildFile; fileRef = E27AD5EE21E6EAD100CD67B6 /* 38.png */; };
		E204CD79220991B5006286FB /* 35.png in Resources */ = {isa = PBXBuildFile; fileRef = E27AD5EF21E6EAD100CD67B6 /* 35.png */; };
		E204CD7A220991B5006286FB /* 21.png in Resources */ = {isa = PBXBuildFile; fileRef = E27AD5F021E6EAD100CD67B6 /* 21.png */; };
		E204CD7B220991B5006286FB /* 09.png in Resources */ = {isa = PBXBuildFile; fileRef = E27AD5F121E6EAD100CD67B6 /* 09.png */; };
		E204CD7C220991B5006286FB /* 08.png in Resources */ = {isa = PBXBuildFile; fileRef = E27AD5F221E6EAD100CD67B6 /* 08.png */; };
		E204CD7D220991B5006286FB /* 20.png in Resources */ = {isa = PBXBuildFile; fileRef = E27AD5F321E6EAD100CD67B6 /* 20.png */; };
		E204CD7E220991B5006286FB /* 34.png in Resources */ = {isa = PBXBuildFile; fileRef = E27AD5F421E6EAD100CD67B6 /* 34.png */; };
		E204CD7F220991B5006286FB /* 22.png in Resources */ = {isa = PBXBuildFile; fileRef = E27AD5F521E6EAD100CD67B6 /* 22.png */; };
		E204CD80220991B5006286FB /* 36.png in Resources */ = {isa = PBXBuildFile; fileRef = E27AD5F621E6EAD100CD67B6 /* 36.png */; };
		E204CD81220991B5006286FB /* 37.png in Resources */ = {isa = PBXBuildFile; fileRef = E27AD5F721E6EAD100CD67B6 /* 37.png */; };
		E204CD82220991B5006286FB /* 23.png in Resources */ = {isa = PBXBuildFile; fileRef = E27AD5F821E6EAD100CD67B6 /* 23.png */; };
		E204CD83220991B5006286FB /* 27.png in Resources */ = {isa = PBXBuildFile; fileRef = E27AD5F921E6EAD100CD67B6 /* 27.png */; };
		E204CD84220991B5006286FB /* 33.png in Resources */ = {isa = PBXBuildFile; fileRef = E27AD5FA21E6EAD100CD67B6 /* 33.png */; };
		E204CD85220991B5006286FB /* 32.png in Resources */ = {isa = PBXBuildFile; fileRef = E27AD5FB21E6EAD100CD67B6 /* 32.png */; };
		E204CD86220991B5006286FB /* 26.png in Resources */ = {isa = PBXBuildFile; fileRef = E27AD5FC21E6EAD100CD67B6 /* 26.png */; };
		E204CD87220991B5006286FB /* 18.png in Resources */ = {isa = PBXBuildFile; fileRef = E27AD5FD21E6EAD100CD67B6 /* 18.png */; };
		E204CD88220991B5006286FB /* 30.png in Resources */ = {isa = PBXBuildFile; fileRef = E27AD5FE21E6EAD100CD67B6 /* 30.png */; };
		E204CD89220991B5006286FB /* 24.png in Resources */ = {isa = PBXBuildFile; fileRef = E27AD5FF21E6EAD100CD67B6 /* 24.png */; };
		E204CD8A220991B5006286FB /* 25.png in Resources */ = {isa = PBXBuildFile; fileRef = E27AD60021E6EAD100CD67B6 /* 25.png */; };
		E204CD8B220991B5006286FB /* 31.png in Resources */ = {isa = PBXBuildFile; fileRef = E27AD60121E6EAD100CD67B6 /* 31.png */; };
		E204CD8C220991B5006286FB /* 19.png in Resources */ = {isa = PBXBuildFile; fileRef = E27AD60221E6EAD100CD67B6 /* 19.png */; };
		E204CD8D220991B5006286FB /* 42.png in Resources */ = {isa = PBXBuildFile; fileRef = E27AD60321E6EAD100CD67B6 /* 42.png */; };
		E204CD8E220991B5006286FB /* 41.png in Resources */ = {isa = PBXBuildFile; fileRef = E27AD60421E6EAD100CD67B6 /* 41.png */; };
		E204CD8F220991B5006286FB /* 40.png in Resources */ = {isa = PBXBuildFile; fileRef = E27AD60521E6EAD100CD67B6 /* 40.png */; };
		E204CD94220992B0006286FB /* ViewControllerCore.swift in Sources */ = {isa = PBXBuildFile; fileRef = E204CD612206BA78006286FB /* ViewControllerCore.swift */; };
		E204CD9522099752006286FB /* AppManager.swift in Sources */ = {isa = PBXBuildFile; fileRef = E204CD632206CC48006286FB /* AppManager.swift */; };
		E204CD9622099755006286FB /* CoreDataManager.swift in Sources */ = {isa = PBXBuildFile; fileRef = E204CD5C2204CA36006286FB /* CoreDataManager.swift */; };
		E204CD9722099762006286FB /* Settings.swift in Sources */ = {isa = PBXBuildFile; fileRef = E29552B421E9A1550097480E /* Settings.swift */; };
		E204CD9822099765006286FB /* TwyUtils.swift in Sources */ = {isa = PBXBuildFile; fileRef = E27AD5BA21E342E900CD67B6 /* TwyUtils.swift */; };
		E204CD992209977A006286FB /* ErrorModel.swift in Sources */ = {isa = PBXBuildFile; fileRef = E204CCFE22036BE5006286FB /* ErrorModel.swift */; };
		E204CD9A2209978D006286FB /* ServiceConfig.swift in Sources */ = {isa = PBXBuildFile; fileRef = E2EF049721DF265A005C00EB /* ServiceConfig.swift */; };
		E204CD9B2209979E006286FB /* KmaApiManager.swift in Sources */ = {isa = PBXBuildFile; fileRef = E27AD5C821E5AAD400CD67B6 /* KmaApiManager.swift */; };
		E204CD9C220997A1006286FB /* KmaUtils.swift in Sources */ = {isa = PBXBuildFile; fileRef = E2EF04A721E30C4E005C00EB /* KmaUtils.swift */; };
		E204CD9D220997A4006286FB /* KmaApiMidTemperatureRegionManager.swift in Sources */ = {isa = PBXBuildFile; fileRef = E220997421F2B7FC00CDE9EA /* KmaApiMidTemperatureRegionManager.swift */; };
		E204CD9E220997B0006286FB /* KmaXY.swift in Sources */ = {isa = PBXBuildFile; fileRef = E220998A21F6CEB800CDE9EA /* KmaXY.swift */; };
		E204CD9F220997B0006286FB /* IDate.swift in Sources */ = {isa = PBXBuildFile; fileRef = E220998C21FA157600CDE9EA /* IDate.swift */; };
		E204CDA0220997B7006286FB /* KmaApiForecastTimeVeryShortModel.swift in Sources */ = {isa = PBXBuildFile; fileRef = E27AD5D021E5F1AD00CD67B6 /* KmaApiForecastTimeVeryShortModel.swift */; };
		E204CDA2220997B7006286FB /* KmaApiActualModel.swift in Sources */ = {isa = PBXBuildFile; fileRef = E27AD5C221E5A2C100CD67B6 /* KmaApiActualModel.swift */; };
		E204CDA3220997C0006286FB /* KmaApiForecastTimeVeryShort.swift in Sources */ = {isa = PBXBuildFile; fileRef = E2EF04A921E310EA005C00EB /* KmaApiForecastTimeVeryShort.swift */; };
		E204CDA4220997C0006286FB /* KmaApiForecastSpace3hours.swift in Sources */ = {isa = PBXBuildFile; fileRef = E27AD63D21E71C3B00CD67B6 /* KmaApiForecastSpace3hours.swift */; };
		E204CDA5220997C0006286FB /* KmaApiActual.swift in Sources */ = {isa = PBXBuildFile; fileRef = E27AD5C421E5A35000CD67B6 /* KmaApiActual.swift */; };
		E204CDA6220997C0006286FB /* KmaApiShortBase.swift in Sources */ = {isa = PBXBuildFile; fileRef = E27AD5C621E5A5E500CD67B6 /* KmaApiShortBase.swift */; };
		E204CDA7220997C6006286FB /* KakaoApiManager.swift in Sources */ = {isa = PBXBuildFile; fileRef = E22D791C21FC355C000C3C46 /* KakaoApiManager.swift */; };
		E204CDA8220997CD006286FB /* KakaoApiAddress.swift in Sources */ = {isa = PBXBuildFile; fileRef = E22D791621FC2A98000C3C46 /* KakaoApiAddress.swift */; };
		E204CDA9220997CD006286FB /* KakaoApiBase.swift in Sources */ = {isa = PBXBuildFile; fileRef = E22D791821FC2AC9000C3C46 /* KakaoApiBase.swift */; };
		E204CDAA220997D2006286FB /* KakaoApiAddressModel.swift in Sources */ = {isa = PBXBuildFile; fileRef = E22D791A21FC2B22000C3C46 /* KakaoApiAddressModel.swift */; };
		E204CDAB220997D7006286FB /* AkApiManager.swift in Sources */ = {isa = PBXBuildFile; fileRef = E204CCE321FC8B5E006286FB /* AkApiManager.swift */; };
		E204CDAC220997D7006286FB /* AkUtils.swift in Sources */ = {isa = PBXBuildFile; fileRef = E204CCE521FC8B92006286FB /* AkUtils.swift */; };
		E204CDAD220997E1006286FB /* AkApiStationModel.swift in Sources */ = {isa = PBXBuildFile; fileRef = E204CCEB21FC9EC0006286FB /* AkApiStationModel.swift */; };
		E204CDAE220997E1006286FB /* AkApiAirPmModel.swift in Sources */ = {isa = PBXBuildFile; fileRef = E204CCF121FCBB46006286FB /* AkApiAirPmModel.swift */; };
		E204CDAF220997E5006286FB /* AkApiBase.swift in Sources */ = {isa = PBXBuildFile; fileRef = E204CCE721FC9A43006286FB /* AkApiBase.swift */; };
		E204CDB0220997E5006286FB /* AkApiStation.swift in Sources */ = {isa = PBXBuildFile; fileRef = E204CCE921FC9DCB006286FB /* AkApiStation.swift */; };
		E204CDB1220997E5006286FB /* AkApiAirPm.swift in Sources */ = {isa = PBXBuildFile; fileRef = E204CCF321FCBC2B006286FB /* AkApiAirPm.swift */; };
		E204CDB2220997F9006286FB /* JUtils.swift in Sources */ = {isa = PBXBuildFile; fileRef = E27AD63421E6F95700CD67B6 /* JUtils.swift */; };
		E204CDB3220997FD006286FB /* FronteerKr.swift in Sources */ = {isa = PBXBuildFile; fileRef = E2EF048921DF1E9A005C00EB /* FronteerKr.swift */; };
		E220997121EB18B100CDE9EA /* KmaApiMidBase.swift in Sources */ = {isa = PBXBuildFile; fileRef = E220997021EB18B100CDE9EA /* KmaApiMidBase.swift */; };
		E220997321EB1BC100CDE9EA /* KmaApiMidTemperature.swift in Sources */ = {isa = PBXBuildFile; fileRef = E220997221EB1BC100CDE9EA /* KmaApiMidTemperature.swift */; };
		E220997521F2B7FC00CDE9EA /* KmaApiMidTemperatureRegionManager.swift in Sources */ = {isa = PBXBuildFile; fileRef = E220997421F2B7FC00CDE9EA /* KmaApiMidTemperatureRegionManager.swift */; };
		E220997921F2DAE400CDE9EA /* DailyModel.swift in Sources */ = {isa = PBXBuildFile; fileRef = E220997821F2DAE400CDE9EA /* DailyModel.swift */; };
		E220998121F4458900CDE9EA /* KmaApiMidLand.swift in Sources */ = {isa = PBXBuildFile; fileRef = E220998021F4458900CDE9EA /* KmaApiMidLand.swift */; };
		E220998321F4477500CDE9EA /* KmaApiMidTemperatureModel.swift in Sources */ = {isa = PBXBuildFile; fileRef = E220998221F4477500CDE9EA /* KmaApiMidTemperatureModel.swift */; };
		E220998521F447C700CDE9EA /* DailyTemperatureMaxMinModel.swift in Sources */ = {isa = PBXBuildFile; fileRef = E220998421F447C700CDE9EA /* DailyTemperatureMaxMinModel.swift */; };
		E220998721F4487900CDE9EA /* KmaApiMidLandModel.swift in Sources */ = {isa = PBXBuildFile; fileRef = E220998621F4487900CDE9EA /* KmaApiMidLandModel.swift */; };
		E220998921F634B300CDE9EA /* CollectionViewCellMid.swift in Sources */ = {isa = PBXBuildFile; fileRef = E220998821F634B300CDE9EA /* CollectionViewCellMid.swift */; };
		E220998B21F6CEB800CDE9EA /* KmaXY.swift in Sources */ = {isa = PBXBuildFile; fileRef = E220998A21F6CEB800CDE9EA /* KmaXY.swift */; };
		E220998D21FA157600CDE9EA /* IDate.swift in Sources */ = {isa = PBXBuildFile; fileRef = E220998C21FA157600CDE9EA /* IDate.swift */; };
		E22668D622099EE20059EEB3 /* KmaApiMidTemperature.swift in Sources */ = {isa = PBXBuildFile; fileRef = E220997221EB1BC100CDE9EA /* KmaApiMidTemperature.swift */; };
		E22668D722099EE20059EEB3 /* KmaApiMidLand.swift in Sources */ = {isa = PBXBuildFile; fileRef = E220998021F4458900CDE9EA /* KmaApiMidLand.swift */; };
		E22668D822099EE20059EEB3 /* KmaApiMidBase.swift in Sources */ = {isa = PBXBuildFile; fileRef = E220997021EB18B100CDE9EA /* KmaApiMidBase.swift */; };
		E22668D922099EEC0059EEB3 /* KmaApiForecastSpace3hoursModel.swift in Sources */ = {isa = PBXBuildFile; fileRef = E27AD63B21E71BF400CD67B6 /* KmaApiForecastSpace3hoursModel.swift */; };
		E22668DA22099EEC0059EEB3 /* KmaApiMidTemperatureModel.swift in Sources */ = {isa = PBXBuildFile; fileRef = E220998221F4477500CDE9EA /* KmaApiMidTemperatureModel.swift */; };
		E22668DB22099EEC0059EEB3 /* KmaApiMidLandModel.swift in Sources */ = {isa = PBXBuildFile; fileRef = E220998621F4487900CDE9EA /* KmaApiMidLandModel.swift */; };
		E22668DC22099EEC0059EEB3 /* KmaHourlyModel.swift in Sources */ = {isa = PBXBuildFile; fileRef = E29552B221E998470097480E /* KmaHourlyModel.swift */; };
		E22668DD22099F050059EEB3 /* Twy222.xcdatamodeld in Sources */ = {isa = PBXBuildFile; fileRef = E26C5F4A21DF03B00061FF86 /* Twy222.xcdatamodeld */; };
		E22668DE22099F6F0059EEB3 /* DailyTemperatureMaxMinModel.swift in Sources */ = {isa = PBXBuildFile; fileRef = E220998421F447C700CDE9EA /* DailyTemperatureMaxMinModel.swift */; };
		E22668DF22099F6F0059EEB3 /* HourlyModel.swift in Sources */ = {isa = PBXBuildFile; fileRef = E27AD5CE21E5B94900CD67B6 /* HourlyModel.swift */; };
		E22668E022099F6F0059EEB3 /* DailyModel.swift in Sources */ = {isa = PBXBuildFile; fileRef = E220997821F2DAE400CDE9EA /* DailyModel.swift */; };
		E22D791721FC2A98000C3C46 /* KakaoApiAddress.swift in Sources */ = {isa = PBXBuildFile; fileRef = E22D791621FC2A98000C3C46 /* KakaoApiAddress.swift */; };
		E22D791921FC2AC9000C3C46 /* KakaoApiBase.swift in Sources */ = {isa = PBXBuildFile; fileRef = E22D791821FC2AC9000C3C46 /* KakaoApiBase.swift */; };
		E22D791B21FC2B22000C3C46 /* KakaoApiAddressModel.swift in Sources */ = {isa = PBXBuildFile; fileRef = E22D791A21FC2B22000C3C46 /* KakaoApiAddressModel.swift */; };
		E22D791D21FC355C000C3C46 /* KakaoApiManager.swift in Sources */ = {isa = PBXBuildFile; fileRef = E22D791C21FC355C000C3C46 /* KakaoApiManager.swift */; };
		E26C5F4421DF03B00061FF86 /* AppDelegate.swift in Sources */ = {isa = PBXBuildFile; fileRef = E26C5F4321DF03B00061FF86 /* AppDelegate.swift */; };
		E26C5F4621DF03B00061FF86 /* ViewController.swift in Sources */ = {isa = PBXBuildFile; fileRef = E26C5F4521DF03B00061FF86 /* ViewController.swift */; };
		E26C5F4921DF03B00061FF86 /* Main.storyboard in Resources */ = {isa = PBXBuildFile; fileRef = E26C5F4721DF03B00061FF86 /* Main.storyboard */; };
		E26C5F4C21DF03B00061FF86 /* Twy222.xcdatamodeld in Sources */ = {isa = PBXBuildFile; fileRef = E26C5F4A21DF03B00061FF86 /* Twy222.xcdatamodeld */; };
		E26C5F4E21DF03B10061FF86 /* Assets.xcassets in Resources */ = {isa = PBXBuildFile; fileRef = E26C5F4D21DF03B10061FF86 /* Assets.xcassets */; };
		E26C5F5121DF03B20061FF86 /* LaunchScreen.storyboard in Resources */ = {isa = PBXBuildFile; fileRef = E26C5F4F21DF03B20061FF86 /* LaunchScreen.storyboard */; };
		E27AD5BB21E342E900CD67B6 /* TwyUtils.swift in Sources */ = {isa = PBXBuildFile; fileRef = E27AD5BA21E342E900CD67B6 /* TwyUtils.swift */; };
		E27AD5C321E5A2C100CD67B6 /* KmaApiActualModel.swift in Sources */ = {isa = PBXBuildFile; fileRef = E27AD5C221E5A2C100CD67B6 /* KmaApiActualModel.swift */; };
		E27AD5C521E5A35000CD67B6 /* KmaApiActual.swift in Sources */ = {isa = PBXBuildFile; fileRef = E27AD5C421E5A35000CD67B6 /* KmaApiActual.swift */; };
		E27AD5C721E5A5E500CD67B6 /* KmaApiShortBase.swift in Sources */ = {isa = PBXBuildFile; fileRef = E27AD5C621E5A5E500CD67B6 /* KmaApiShortBase.swift */; };
		E27AD5C921E5AAD400CD67B6 /* KmaApiManager.swift in Sources */ = {isa = PBXBuildFile; fileRef = E27AD5C821E5AAD400CD67B6 /* KmaApiManager.swift */; };
		E27AD5CF21E5B94900CD67B6 /* HourlyModel.swift in Sources */ = {isa = PBXBuildFile; fileRef = E27AD5CE21E5B94900CD67B6 /* HourlyModel.swift */; };
		E27AD5D121E5F1AD00CD67B6 /* KmaApiForecastTimeVeryShortModel.swift in Sources */ = {isa = PBXBuildFile; fileRef = E27AD5D021E5F1AD00CD67B6 /* KmaApiForecastTimeVeryShortModel.swift */; };
		E27AD5DA21E671DD00CD67B6 /* NanumGothic.ttf in Resources */ = {isa = PBXBuildFile; fileRef = E27AD5D921E6710900CD67B6 /* NanumGothic.ttf */; };
		E27AD60621E6EAD100CD67B6 /* 14.png in Resources */ = {isa = PBXBuildFile; fileRef = E27AD5DC21E6EAD100CD67B6 /* 14.png */; };
		E27AD60721E6EAD100CD67B6 /* 28.png in Resources */ = {isa = PBXBuildFile; fileRef = E27AD5DD21E6EAD100CD67B6 /* 28.png */; };
		E27AD60821E6EAD100CD67B6 /* 29.png in Resources */ = {isa = PBXBuildFile; fileRef = E27AD5DE21E6EAD100CD67B6 /* 29.png */; };
		E27AD60921E6EAD100CD67B6 /* 01.png in Resources */ = {isa = PBXBuildFile; fileRef = E27AD5DF21E6EAD100CD67B6 /* 01.png */; };
		E27AD60A21E6EAD100CD67B6 /* 15.png in Resources */ = {isa = PBXBuildFile; fileRef = E27AD5E021E6EAD100CD67B6 /* 15.png */; };
		E27AD60B21E6EAD100CD67B6 /* 03.png in Resources */ = {isa = PBXBuildFile; fileRef = E27AD5E121E6EAD100CD67B6 /* 03.png */; };
		E27AD60C21E6EAD100CD67B6 /* 17.png in Resources */ = {isa = PBXBuildFile; fileRef = E27AD5E221E6EAD100CD67B6 /* 17.png */; };
		E27AD60D21E6EAD100CD67B6 /* 16.png in Resources */ = {isa = PBXBuildFile; fileRef = E27AD5E321E6EAD100CD67B6 /* 16.png */; };
		E27AD60E21E6EAD100CD67B6 /* 02.png in Resources */ = {isa = PBXBuildFile; fileRef = E27AD5E421E6EAD100CD67B6 /* 02.png */; };
		E27AD60F21E6EAD100CD67B6 /* 06.png in Resources */ = {isa = PBXBuildFile; fileRef = E27AD5E521E6EAD100CD67B6 /* 06.png */; };
		E27AD61021E6EAD100CD67B6 /* 12.png in Resources */ = {isa = PBXBuildFile; fileRef = E27AD5E621E6EAD100CD67B6 /* 12.png */; };
		E27AD61121E6EAD100CD67B6 /* 13.png in Resources */ = {isa = PBXBuildFile; fileRef = E27AD5E721E6EAD100CD67B6 /* 13.png */; };
		E27AD61221E6EAD100CD67B6 /* 07.png in Resources */ = {isa = PBXBuildFile; fileRef = E27AD5E821E6EAD100CD67B6 /* 07.png */; };
		E27AD61321E6EAD100CD67B6 /* 39.png in Resources */ = {isa = PBXBuildFile; fileRef = E27AD5E921E6EAD100CD67B6 /* 39.png */; };
		E27AD61421E6EAD100CD67B6 /* 11.png in Resources */ = {isa = PBXBuildFile; fileRef = E27AD5EA21E6EAD100CD67B6 /* 11.png */; };
		E27AD61521E6EAD100CD67B6 /* 05.png in Resources */ = {isa = PBXBuildFile; fileRef = E27AD5EB21E6EAD100CD67B6 /* 05.png */; };
		E27AD61621E6EAD100CD67B6 /* 04.png in Resources */ = {isa = PBXBuildFile; fileRef = E27AD5EC21E6EAD100CD67B6 /* 04.png */; };
		E27AD61721E6EAD100CD67B6 /* 10.png in Resources */ = {isa = PBXBuildFile; fileRef = E27AD5ED21E6EAD100CD67B6 /* 10.png */; };
		E27AD61821E6EAD100CD67B6 /* 38.png in Resources */ = {isa = PBXBuildFile; fileRef = E27AD5EE21E6EAD100CD67B6 /* 38.png */; };
		E27AD61921E6EAD100CD67B6 /* 35.png in Resources */ = {isa = PBXBuildFile; fileRef = E27AD5EF21E6EAD100CD67B6 /* 35.png */; };
		E27AD61A21E6EAD100CD67B6 /* 21.png in Resources */ = {isa = PBXBuildFile; fileRef = E27AD5F021E6EAD100CD67B6 /* 21.png */; };
		E27AD61B21E6EAD100CD67B6 /* 09.png in Resources */ = {isa = PBXBuildFile; fileRef = E27AD5F121E6EAD100CD67B6 /* 09.png */; };
		E27AD61C21E6EAD100CD67B6 /* 08.png in Resources */ = {isa = PBXBuildFile; fileRef = E27AD5F221E6EAD100CD67B6 /* 08.png */; };
		E27AD61D21E6EAD100CD67B6 /* 20.png in Resources */ = {isa = PBXBuildFile; fileRef = E27AD5F321E6EAD100CD67B6 /* 20.png */; };
		E27AD61E21E6EAD100CD67B6 /* 34.png in Resources */ = {isa = PBXBuildFile; fileRef = E27AD5F421E6EAD100CD67B6 /* 34.png */; };
		E27AD61F21E6EAD100CD67B6 /* 22.png in Resources */ = {isa = PBXBuildFile; fileRef = E27AD5F521E6EAD100CD67B6 /* 22.png */; };
		E27AD62021E6EAD100CD67B6 /* 36.png in Resources */ = {isa = PBXBuildFile; fileRef = E27AD5F621E6EAD100CD67B6 /* 36.png */; };
		E27AD62121E6EAD100CD67B6 /* 37.png in Resources */ = {isa = PBXBuildFile; fileRef = E27AD5F721E6EAD100CD67B6 /* 37.png */; };
		E27AD62221E6EAD100CD67B6 /* 23.png in Resources */ = {isa = PBXBuildFile; fileRef = E27AD5F821E6EAD100CD67B6 /* 23.png */; };
		E27AD62321E6EAD100CD67B6 /* 27.png in Resources */ = {isa = PBXBuildFile; fileRef = E27AD5F921E6EAD100CD67B6 /* 27.png */; };
		E27AD62421E6EAD100CD67B6 /* 33.png in Resources */ = {isa = PBXBuildFile; fileRef = E27AD5FA21E6EAD100CD67B6 /* 33.png */; };
		E27AD62521E6EAD100CD67B6 /* 32.png in Resources */ = {isa = PBXBuildFile; fileRef = E27AD5FB21E6EAD100CD67B6 /* 32.png */; };
		E27AD62621E6EAD100CD67B6 /* 26.png in Resources */ = {isa = PBXBuildFile; fileRef = E27AD5FC21E6EAD100CD67B6 /* 26.png */; };
		E27AD62721E6EAD100CD67B6 /* 18.png in Resources */ = {isa = PBXBuildFile; fileRef = E27AD5FD21E6EAD100CD67B6 /* 18.png */; };
		E27AD62821E6EAD100CD67B6 /* 30.png in Resources */ = {isa = PBXBuildFile; fileRef = E27AD5FE21E6EAD100CD67B6 /* 30.png */; };
		E27AD62921E6EAD100CD67B6 /* 24.png in Resources */ = {isa = PBXBuildFile; fileRef = E27AD5FF21E6EAD100CD67B6 /* 24.png */; };
		E27AD62A21E6EAD100CD67B6 /* 25.png in Resources */ = {isa = PBXBuildFile; fileRef = E27AD60021E6EAD100CD67B6 /* 25.png */; };
		E27AD62B21E6EAD100CD67B6 /* 31.png in Resources */ = {isa = PBXBuildFile; fileRef = E27AD60121E6EAD100CD67B6 /* 31.png */; };
		E27AD62C21E6EAD100CD67B6 /* 19.png in Resources */ = {isa = PBXBuildFile; fileRef = E27AD60221E6EAD100CD67B6 /* 19.png */; };
		E27AD62D21E6EAD100CD67B6 /* 42.png in Resources */ = {isa = PBXBuildFile; fileRef = E27AD60321E6EAD100CD67B6 /* 42.png */; };
		E27AD62E21E6EAD100CD67B6 /* 41.png in Resources */ = {isa = PBXBuildFile; fileRef = E27AD60421E6EAD100CD67B6 /* 41.png */; };
		E27AD62F21E6EAD100CD67B6 /* 40.png in Resources */ = {isa = PBXBuildFile; fileRef = E27AD60521E6EAD100CD67B6 /* 40.png */; };
		E27AD63821E6F95700CD67B6 /* JUtils.swift in Sources */ = {isa = PBXBuildFile; fileRef = E27AD63421E6F95700CD67B6 /* JUtils.swift */; };
		E27AD63921E6F95700CD67B6 /* SegueFromRightToLeft.swift in Sources */ = {isa = PBXBuildFile; fileRef = E27AD63621E6F95700CD67B6 /* SegueFromRightToLeft.swift */; };
		E27AD63A21E6F95700CD67B6 /* SegueUnwindToRight.swift in Sources */ = {isa = PBXBuildFile; fileRef = E27AD63721E6F95700CD67B6 /* SegueUnwindToRight.swift */; };
		E27AD63C21E71BF400CD67B6 /* KmaApiForecastSpace3hoursModel.swift in Sources */ = {isa = PBXBuildFile; fileRef = E27AD63B21E71BF400CD67B6 /* KmaApiForecastSpace3hoursModel.swift */; };
		E27AD63E21E71C3B00CD67B6 /* KmaApiForecastSpace3hours.swift in Sources */ = {isa = PBXBuildFile; fileRef = E27AD63D21E71C3B00CD67B6 /* KmaApiForecastSpace3hours.swift */; };
		E29552B321E998470097480E /* KmaHourlyModel.swift in Sources */ = {isa = PBXBuildFile; fileRef = E29552B221E998470097480E /* KmaHourlyModel.swift */; };
		E29552B521E9A1550097480E /* Settings.swift in Sources */ = {isa = PBXBuildFile; fileRef = E29552B421E9A1550097480E /* Settings.swift */; };
		E29552B821E9AAEA0097480E /* CollectionViewCellShort.swift in Sources */ = {isa = PBXBuildFile; fileRef = E29552B721E9AAEA0097480E /* CollectionViewCellShort.swift */; };
		E2EF048A21DF1E9A005C00EB /* FronteerKr.swift in Sources */ = {isa = PBXBuildFile; fileRef = E2EF048921DF1E9A005C00EB /* FronteerKr.swift */; };
		E2EF049821DF265A005C00EB /* ServiceConfig.swift in Sources */ = {isa = PBXBuildFile; fileRef = E2EF049721DF265A005C00EB /* ServiceConfig.swift */; };
		E2EF04A821E30C4E005C00EB /* KmaUtils.swift in Sources */ = {isa = PBXBuildFile; fileRef = E2EF04A721E30C4E005C00EB /* KmaUtils.swift */; };
		E2EF04AA21E310EA005C00EB /* KmaApiForecastTimeVeryShort.swift in Sources */ = {isa = PBXBuildFile; fileRef = E2EF04A921E310EA005C00EB /* KmaApiForecastTimeVeryShort.swift */; };
/* End PBXBuildFile section */

/* Begin PBXContainerItemProxy section */
		E204CD2E2204569D006286FB /* PBXContainerItemProxy */ = {
			isa = PBXContainerItemProxy;
			containerPortal = E26C5F3821DF03B00061FF86 /* Project object */;
			proxyType = 1;
			remoteGlobalIDString = E204CD232204569C006286FB;
			remoteInfo = TwyTodayExt;
		};
/* End PBXContainerItemProxy section */

/* Begin PBXCopyFilesBuildPhase section */
		E204CD342204569D006286FB /* Embed App Extensions */ = {
			isa = PBXCopyFilesBuildPhase;
			buildActionMask = 2147483647;
			dstPath = "";
			dstSubfolderSpec = 13;
			files = (
				E204CD302204569D006286FB /* TwyTodayExt.appex in Embed App Extensions */,
			);
			name = "Embed App Extensions";
			runOnlyForDeploymentPostprocessing = 0;
		};
/* End PBXCopyFilesBuildPhase section */

/* Begin PBXFileReference section */
		71B58E0A89DA541E5CB639AE /* Pods-Twy222.release.xcconfig */ = {isa = PBXFileReference; includeInIndex = 1; lastKnownFileType = text.xcconfig; name = "Pods-Twy222.release.xcconfig"; path = "Pods/Target Support Files/Pods-Twy222/Pods-Twy222.release.xcconfig"; sourceTree = "<group>"; };
		8F6D2E7D155B8B047BB68CA4 /* Pods-Twy222.debug.xcconfig */ = {isa = PBXFileReference; includeInIndex = 1; lastKnownFileType = text.xcconfig; name = "Pods-Twy222.debug.xcconfig"; path = "Pods/Target Support Files/Pods-Twy222/Pods-Twy222.debug.xcconfig"; sourceTree = "<group>"; };
		97B938B956C54BF0C7E71FDA /* Pods_Twy222.framework */ = {isa = PBXFileReference; explicitFileType = wrapper.framework; includeInIndex = 0; path = Pods_Twy222.framework; sourceTree = BUILT_PRODUCTS_DIR; };
		E204CCE321FC8B5E006286FB /* AkApiManager.swift */ = {isa = PBXFileReference; lastKnownFileType = sourcecode.swift; path = AkApiManager.swift; sourceTree = "<group>"; };
		E204CCE521FC8B92006286FB /* AkUtils.swift */ = {isa = PBXFileReference; lastKnownFileType = sourcecode.swift; path = AkUtils.swift; sourceTree = "<group>"; };
		E204CCE721FC9A43006286FB /* AkApiBase.swift */ = {isa = PBXFileReference; lastKnownFileType = sourcecode.swift; path = AkApiBase.swift; sourceTree = "<group>"; };
		E204CCE921FC9DCB006286FB /* AkApiStation.swift */ = {isa = PBXFileReference; lastKnownFileType = sourcecode.swift; path = AkApiStation.swift; sourceTree = "<group>"; };
		E204CCEB21FC9EC0006286FB /* AkApiStationModel.swift */ = {isa = PBXFileReference; lastKnownFileType = sourcecode.swift; path = AkApiStationModel.swift; sourceTree = "<group>"; };
		E204CCF121FCBB46006286FB /* AkApiAirPmModel.swift */ = {isa = PBXFileReference; lastKnownFileType = sourcecode.swift; path = AkApiAirPmModel.swift; sourceTree = "<group>"; };
		E204CCF321FCBC2B006286FB /* AkApiAirPm.swift */ = {isa = PBXFileReference; lastKnownFileType = sourcecode.swift; path = AkApiAirPm.swift; sourceTree = "<group>"; };
		E204CCF621FD5E82006286FB /* VCAir.swift */ = {isa = PBXFileReference; lastKnownFileType = sourcecode.swift; path = VCAir.swift; sourceTree = "<group>"; };
		E204CCFE22036BE5006286FB /* ErrorModel.swift */ = {isa = PBXFileReference; lastKnownFileType = sourcecode.swift; path = ErrorModel.swift; sourceTree = "<group>"; };
		E204CD002204205F006286FB /* SwiftyJSON.framework */ = {isa = PBXFileReference; explicitFileType = wrapper.framework; path = SwiftyJSON.framework; sourceTree = BUILT_PRODUCTS_DIR; };
		E204CD0222042319006286FB /* Alamofire.framework */ = {isa = PBXFileReference; explicitFileType = wrapper.framework; path = Alamofire.framework; sourceTree = BUILT_PRODUCTS_DIR; };
		E204CD04220425B5006286FB /* Alamofire_SwiftyJSON.framework */ = {isa = PBXFileReference; explicitFileType = wrapper.framework; path = Alamofire_SwiftyJSON.framework; sourceTree = BUILT_PRODUCTS_DIR; };
		E204CD062204270A006286FB /* AlamofireSwiftyJSON.framework */ = {isa = PBXFileReference; explicitFileType = wrapper.framework; path = AlamofireSwiftyJSON.framework; sourceTree = BUILT_PRODUCTS_DIR; };
		E204CD0822042735006286FB /* Alamofire.framework */ = {isa = PBXFileReference; explicitFileType = wrapper.framework; path = Alamofire.framework; sourceTree = BUILT_PRODUCTS_DIR; };
		E204CD0A22042735006286FB /* SwiftyJSON.framework */ = {isa = PBXFileReference; explicitFileType = wrapper.framework; path = SwiftyJSON.framework; sourceTree = BUILT_PRODUCTS_DIR; };
		E204CD0C22042980006286FB /* Alamofire.framework */ = {isa = PBXFileReference; explicitFileType = wrapper.framework; path = Alamofire.framework; sourceTree = BUILT_PRODUCTS_DIR; };
		E204CD0E22042980006286FB /* AlamofireSwiftyJSON.framework */ = {isa = PBXFileReference; explicitFileType = wrapper.framework; path = AlamofireSwiftyJSON.framework; sourceTree = BUILT_PRODUCTS_DIR; };
		E204CD1022042980006286FB /* SwiftyJSON.framework */ = {isa = PBXFileReference; explicitFileType = wrapper.framework; path = SwiftyJSON.framework; sourceTree = BUILT_PRODUCTS_DIR; };
		E204CD1222042BA4006286FB /* Alamofire.framework */ = {isa = PBXFileReference; explicitFileType = wrapper.framework; path = Alamofire.framework; sourceTree = BUILT_PRODUCTS_DIR; };
		E204CD1422042BA4006286FB /* AlamofireSwiftyJSON.framework */ = {isa = PBXFileReference; explicitFileType = wrapper.framework; path = AlamofireSwiftyJSON.framework; sourceTree = BUILT_PRODUCTS_DIR; };
		E204CD1622042BA4006286FB /* SwiftyJSON.framework */ = {isa = PBXFileReference; explicitFileType = wrapper.framework; path = SwiftyJSON.framework; sourceTree = BUILT_PRODUCTS_DIR; };
		E204CD1822042C14006286FB /* Alamofire.framework */ = {isa = PBXFileReference; explicitFileType = wrapper.framework; path = Alamofire.framework; sourceTree = BUILT_PRODUCTS_DIR; };
		E204CD1A22042C14006286FB /* SwiftyJSON.framework */ = {isa = PBXFileReference; explicitFileType = wrapper.framework; path = SwiftyJSON.framework; sourceTree = BUILT_PRODUCTS_DIR; };
		E204CD1C22042D0F006286FB /* Alamofire.framework */ = {isa = PBXFileReference; explicitFileType = wrapper.framework; path = Alamofire.framework; sourceTree = BUILT_PRODUCTS_DIR; };
		E204CD1E22042DFE006286FB /* SwiftyJSON.framework */ = {isa = PBXFileReference; explicitFileType = wrapper.framework; path = SwiftyJSON.framework; sourceTree = BUILT_PRODUCTS_DIR; };
		E204CD242204569C006286FB /* TwyTodayExt.appex */ = {isa = PBXFileReference; explicitFileType = "wrapper.app-extension"; includeInIndex = 0; path = TwyTodayExt.appex; sourceTree = BUILT_PRODUCTS_DIR; };
		E204CD252204569D006286FB /* NotificationCenter.framework */ = {isa = PBXFileReference; lastKnownFileType = wrapper.framework; name = NotificationCenter.framework; path = System/Library/Frameworks/NotificationCenter.framework; sourceTree = SDKROOT; };
		E204CD282204569D006286FB /* TodayViewController.swift */ = {isa = PBXFileReference; lastKnownFileType = sourcecode.swift; path = TodayViewController.swift; sourceTree = "<group>"; };
		E204CD2B2204569D006286FB /* Base */ = {isa = PBXFileReference; lastKnownFileType = file.storyboard; name = Base; path = Base.lproj/MainInterface.storyboard; sourceTree = "<group>"; };
		E204CD2D2204569D006286FB /* Info.plist */ = {isa = PBXFileReference; lastKnownFileType = text.plist.xml; path = Info.plist; sourceTree = "<group>"; };
		E204CD5C2204CA36006286FB /* CoreDataManager.swift */ = {isa = PBXFileReference; lastKnownFileType = sourcecode.swift; path = CoreDataManager.swift; sourceTree = "<group>"; };
		E204CD612206BA78006286FB /* ViewControllerCore.swift */ = {isa = PBXFileReference; lastKnownFileType = sourcecode.swift; path = ViewControllerCore.swift; sourceTree = "<group>"; };
		E204CD632206CC48006286FB /* AppManager.swift */ = {isa = PBXFileReference; lastKnownFileType = sourcecode.swift; path = AppManager.swift; sourceTree = "<group>"; };
		E204CD90220991D8006286FB /* Alamofire.framework */ = {isa = PBXFileReference; explicitFileType = wrapper.framework; path = Alamofire.framework; sourceTree = BUILT_PRODUCTS_DIR; };
		E204CD92220991D8006286FB /* SwiftyJSON.framework */ = {isa = PBXFileReference; explicitFileType = wrapper.framework; path = SwiftyJSON.framework; sourceTree = BUILT_PRODUCTS_DIR; };
		E220997021EB18B100CDE9EA /* KmaApiMidBase.swift */ = {isa = PBXFileReference; lastKnownFileType = sourcecode.swift; path = KmaApiMidBase.swift; sourceTree = "<group>"; };
		E220997221EB1BC100CDE9EA /* KmaApiMidTemperature.swift */ = {isa = PBXFileReference; lastKnownFileType = sourcecode.swift; path = KmaApiMidTemperature.swift; sourceTree = "<group>"; };
		E220997421F2B7FC00CDE9EA /* KmaApiMidTemperatureRegionManager.swift */ = {isa = PBXFileReference; lastKnownFileType = sourcecode.swift; path = KmaApiMidTemperatureRegionManager.swift; sourceTree = "<group>"; };
		E220997821F2DAE400CDE9EA /* DailyModel.swift */ = {isa = PBXFileReference; lastKnownFileType = sourcecode.swift; path = DailyModel.swift; sourceTree = "<group>"; };
		E220998021F4458900CDE9EA /* KmaApiMidLand.swift */ = {isa = PBXFileReference; lastKnownFileType = sourcecode.swift; path = KmaApiMidLand.swift; sourceTree = "<group>"; };
		E220998221F4477500CDE9EA /* KmaApiMidTemperatureModel.swift */ = {isa = PBXFileReference; lastKnownFileType = sourcecode.swift; path = KmaApiMidTemperatureModel.swift; sourceTree = "<group>"; };
		E220998421F447C700CDE9EA /* DailyTemperatureMaxMinModel.swift */ = {isa = PBXFileReference; lastKnownFileType = sourcecode.swift; path = DailyTemperatureMaxMinModel.swift; sourceTree = "<group>"; };
		E220998621F4487900CDE9EA /* KmaApiMidLandModel.swift */ = {isa = PBXFileReference; lastKnownFileType = sourcecode.swift; path = KmaApiMidLandModel.swift; sourceTree = "<group>"; };
		E220998821F634B300CDE9EA /* CollectionViewCellMid.swift */ = {isa = PBXFileReference; lastKnownFileType = sourcecode.swift; path = CollectionViewCellMid.swift; sourceTree = "<group>"; };
		E220998A21F6CEB800CDE9EA /* KmaXY.swift */ = {isa = PBXFileReference; lastKnownFileType = sourcecode.swift; path = KmaXY.swift; sourceTree = "<group>"; };
		E220998C21FA157600CDE9EA /* IDate.swift */ = {isa = PBXFileReference; lastKnownFileType = sourcecode.swift; path = IDate.swift; sourceTree = "<group>"; };
		E22D791621FC2A98000C3C46 /* KakaoApiAddress.swift */ = {isa = PBXFileReference; lastKnownFileType = sourcecode.swift; path = KakaoApiAddress.swift; sourceTree = "<group>"; };
		E22D791821FC2AC9000C3C46 /* KakaoApiBase.swift */ = {isa = PBXFileReference; lastKnownFileType = sourcecode.swift; path = KakaoApiBase.swift; sourceTree = "<group>"; };
		E22D791A21FC2B22000C3C46 /* KakaoApiAddressModel.swift */ = {isa = PBXFileReference; lastKnownFileType = sourcecode.swift; path = KakaoApiAddressModel.swift; sourceTree = "<group>"; };
		E22D791C21FC355C000C3C46 /* KakaoApiManager.swift */ = {isa = PBXFileReference; lastKnownFileType = sourcecode.swift; path = KakaoApiManager.swift; sourceTree = "<group>"; };
		E26C5F4021DF03B00061FF86 /* Twy222.app */ = {isa = PBXFileReference; explicitFileType = wrapper.application; includeInIndex = 0; path = Twy222.app; sourceTree = BUILT_PRODUCTS_DIR; };
		E26C5F4321DF03B00061FF86 /* AppDelegate.swift */ = {isa = PBXFileReference; lastKnownFileType = sourcecode.swift; path = AppDelegate.swift; sourceTree = "<group>"; };
		E26C5F4521DF03B00061FF86 /* ViewController.swift */ = {isa = PBXFileReference; lastKnownFileType = sourcecode.swift; path = ViewController.swift; sourceTree = "<group>"; };
		E26C5F4821DF03B00061FF86 /* Base */ = {isa = PBXFileReference; lastKnownFileType = file.storyboard; name = Base; path = Base.lproj/Main.storyboard; sourceTree = "<group>"; };
		E26C5F4B21DF03B00061FF86 /* Twy222.xcdatamodel */ = {isa = PBXFileReference; lastKnownFileType = wrapper.xcdatamodel; path = Twy222.xcdatamodel; sourceTree = "<group>"; };
		E26C5F4D21DF03B10061FF86 /* Assets.xcassets */ = {isa = PBXFileReference; lastKnownFileType = folder.assetcatalog; path = Assets.xcassets; sourceTree = "<group>"; };
		E26C5F5021DF03B20061FF86 /* Base */ = {isa = PBXFileReference; lastKnownFileType = file.storyboard; name = Base; path = Base.lproj/LaunchScreen.storyboard; sourceTree = "<group>"; };
		E26C5F5221DF03B20061FF86 /* Info.plist */ = {isa = PBXFileReference; lastKnownFileType = text.plist.xml; path = Info.plist; sourceTree = "<group>"; };
		E27AD5BA21E342E900CD67B6 /* TwyUtils.swift */ = {isa = PBXFileReference; lastKnownFileType = sourcecode.swift; path = TwyUtils.swift; sourceTree = "<group>"; };
		E27AD5C221E5A2C100CD67B6 /* KmaApiActualModel.swift */ = {isa = PBXFileReference; lastKnownFileType = sourcecode.swift; path = KmaApiActualModel.swift; sourceTree = "<group>"; };
		E27AD5C421E5A35000CD67B6 /* KmaApiActual.swift */ = {isa = PBXFileReference; lastKnownFileType = sourcecode.swift; path = KmaApiActual.swift; sourceTree = "<group>"; };
		E27AD5C621E5A5E500CD67B6 /* KmaApiShortBase.swift */ = {isa = PBXFileReference; lastKnownFileType = sourcecode.swift; path = KmaApiShortBase.swift; sourceTree = "<group>"; };
		E27AD5C821E5AAD400CD67B6 /* KmaApiManager.swift */ = {isa = PBXFileReference; lastKnownFileType = sourcecode.swift; path = KmaApiManager.swift; sourceTree = "<group>"; };
		E27AD5CE21E5B94900CD67B6 /* HourlyModel.swift */ = {isa = PBXFileReference; lastKnownFileType = sourcecode.swift; path = HourlyModel.swift; sourceTree = "<group>"; };
		E27AD5D021E5F1AD00CD67B6 /* KmaApiForecastTimeVeryShortModel.swift */ = {isa = PBXFileReference; lastKnownFileType = sourcecode.swift; path = KmaApiForecastTimeVeryShortModel.swift; sourceTree = "<group>"; };
		E27AD5D921E6710900CD67B6 /* NanumGothic.ttf */ = {isa = PBXFileReference; lastKnownFileType = file; path = NanumGothic.ttf; sourceTree = "<group>"; };
		E27AD5DC21E6EAD100CD67B6 /* 14.png */ = {isa = PBXFileReference; lastKnownFileType = image.png; path = 14.png; sourceTree = "<group>"; };
		E27AD5DD21E6EAD100CD67B6 /* 28.png */ = {isa = PBXFileReference; lastKnownFileType = image.png; path = 28.png; sourceTree = "<group>"; };
		E27AD5DE21E6EAD100CD67B6 /* 29.png */ = {isa = PBXFileReference; lastKnownFileType = image.png; path = 29.png; sourceTree = "<group>"; };
		E27AD5DF21E6EAD100CD67B6 /* 01.png */ = {isa = PBXFileReference; lastKnownFileType = image.png; path = 01.png; sourceTree = "<group>"; };
		E27AD5E021E6EAD100CD67B6 /* 15.png */ = {isa = PBXFileReference; lastKnownFileType = image.png; path = 15.png; sourceTree = "<group>"; };
		E27AD5E121E6EAD100CD67B6 /* 03.png */ = {isa = PBXFileReference; lastKnownFileType = image.png; path = 03.png; sourceTree = "<group>"; };
		E27AD5E221E6EAD100CD67B6 /* 17.png */ = {isa = PBXFileReference; lastKnownFileType = image.png; path = 17.png; sourceTree = "<group>"; };
		E27AD5E321E6EAD100CD67B6 /* 16.png */ = {isa = PBXFileReference; lastKnownFileType = image.png; path = 16.png; sourceTree = "<group>"; };
		E27AD5E421E6EAD100CD67B6 /* 02.png */ = {isa = PBXFileReference; lastKnownFileType = image.png; path = 02.png; sourceTree = "<group>"; };
		E27AD5E521E6EAD100CD67B6 /* 06.png */ = {isa = PBXFileReference; lastKnownFileType = image.png; path = 06.png; sourceTree = "<group>"; };
		E27AD5E621E6EAD100CD67B6 /* 12.png */ = {isa = PBXFileReference; lastKnownFileType = image.png; path = 12.png; sourceTree = "<group>"; };
		E27AD5E721E6EAD100CD67B6 /* 13.png */ = {isa = PBXFileReference; lastKnownFileType = image.png; path = 13.png; sourceTree = "<group>"; };
		E27AD5E821E6EAD100CD67B6 /* 07.png */ = {isa = PBXFileReference; lastKnownFileType = image.png; path = 07.png; sourceTree = "<group>"; };
		E27AD5E921E6EAD100CD67B6 /* 39.png */ = {isa = PBXFileReference; lastKnownFileType = image.png; path = 39.png; sourceTree = "<group>"; };
		E27AD5EA21E6EAD100CD67B6 /* 11.png */ = {isa = PBXFileReference; lastKnownFileType = image.png; path = 11.png; sourceTree = "<group>"; };
		E27AD5EB21E6EAD100CD67B6 /* 05.png */ = {isa = PBXFileReference; lastKnownFileType = image.png; path = 05.png; sourceTree = "<group>"; };
		E27AD5EC21E6EAD100CD67B6 /* 04.png */ = {isa = PBXFileReference; lastKnownFileType = image.png; path = 04.png; sourceTree = "<group>"; };
		E27AD5ED21E6EAD100CD67B6 /* 10.png */ = {isa = PBXFileReference; lastKnownFileType = image.png; path = 10.png; sourceTree = "<group>"; };
		E27AD5EE21E6EAD100CD67B6 /* 38.png */ = {isa = PBXFileReference; lastKnownFileType = image.png; path = 38.png; sourceTree = "<group>"; };
		E27AD5EF21E6EAD100CD67B6 /* 35.png */ = {isa = PBXFileReference; lastKnownFileType = image.png; path = 35.png; sourceTree = "<group>"; };
		E27AD5F021E6EAD100CD67B6 /* 21.png */ = {isa = PBXFileReference; lastKnownFileType = image.png; path = 21.png; sourceTree = "<group>"; };
		E27AD5F121E6EAD100CD67B6 /* 09.png */ = {isa = PBXFileReference; lastKnownFileType = image.png; path = 09.png; sourceTree = "<group>"; };
		E27AD5F221E6EAD100CD67B6 /* 08.png */ = {isa = PBXFileReference; lastKnownFileType = image.png; path = 08.png; sourceTree = "<group>"; };
		E27AD5F321E6EAD100CD67B6 /* 20.png */ = {isa = PBXFileReference; lastKnownFileType = image.png; path = 20.png; sourceTree = "<group>"; };
		E27AD5F421E6EAD100CD67B6 /* 34.png */ = {isa = PBXFileReference; lastKnownFileType = image.png; path = 34.png; sourceTree = "<group>"; };
		E27AD5F521E6EAD100CD67B6 /* 22.png */ = {isa = PBXFileReference; lastKnownFileType = image.png; path = 22.png; sourceTree = "<group>"; };
		E27AD5F621E6EAD100CD67B6 /* 36.png */ = {isa = PBXFileReference; lastKnownFileType = image.png; path = 36.png; sourceTree = "<group>"; };
		E27AD5F721E6EAD100CD67B6 /* 37.png */ = {isa = PBXFileReference; lastKnownFileType = image.png; path = 37.png; sourceTree = "<group>"; };
		E27AD5F821E6EAD100CD67B6 /* 23.png */ = {isa = PBXFileReference; lastKnownFileType = image.png; path = 23.png; sourceTree = "<group>"; };
		E27AD5F921E6EAD100CD67B6 /* 27.png */ = {isa = PBXFileReference; lastKnownFileType = image.png; path = 27.png; sourceTree = "<group>"; };
		E27AD5FA21E6EAD100CD67B6 /* 33.png */ = {isa = PBXFileReference; lastKnownFileType = image.png; path = 33.png; sourceTree = "<group>"; };
		E27AD5FB21E6EAD100CD67B6 /* 32.png */ = {isa = PBXFileReference; lastKnownFileType = image.png; path = 32.png; sourceTree = "<group>"; };
		E27AD5FC21E6EAD100CD67B6 /* 26.png */ = {isa = PBXFileReference; lastKnownFileType = image.png; path = 26.png; sourceTree = "<group>"; };
		E27AD5FD21E6EAD100CD67B6 /* 18.png */ = {isa = PBXFileReference; lastKnownFileType = image.png; path = 18.png; sourceTree = "<group>"; };
		E27AD5FE21E6EAD100CD67B6 /* 30.png */ = {isa = PBXFileReference; lastKnownFileType = image.png; path = 30.png; sourceTree = "<group>"; };
		E27AD5FF21E6EAD100CD67B6 /* 24.png */ = {isa = PBXFileReference; lastKnownFileType = image.png; path = 24.png; sourceTree = "<group>"; };
		E27AD60021E6EAD100CD67B6 /* 25.png */ = {isa = PBXFileReference; lastKnownFileType = image.png; path = 25.png; sourceTree = "<group>"; };
		E27AD60121E6EAD100CD67B6 /* 31.png */ = {isa = PBXFileReference; lastKnownFileType = image.png; path = 31.png; sourceTree = "<group>"; };
		E27AD60221E6EAD100CD67B6 /* 19.png */ = {isa = PBXFileReference; lastKnownFileType = image.png; path = 19.png; sourceTree = "<group>"; };
		E27AD60321E6EAD100CD67B6 /* 42.png */ = {isa = PBXFileReference; lastKnownFileType = image.png; path = 42.png; sourceTree = "<group>"; };
		E27AD60421E6EAD100CD67B6 /* 41.png */ = {isa = PBXFileReference; lastKnownFileType = image.png; path = 41.png; sourceTree = "<group>"; };
		E27AD60521E6EAD100CD67B6 /* 40.png */ = {isa = PBXFileReference; lastKnownFileType = image.png; path = 40.png; sourceTree = "<group>"; };
		E27AD63421E6F95700CD67B6 /* JUtils.swift */ = {isa = PBXFileReference; fileEncoding = 4; lastKnownFileType = sourcecode.swift; path = JUtils.swift; sourceTree = "<group>"; };
		E27AD63621E6F95700CD67B6 /* SegueFromRightToLeft.swift */ = {isa = PBXFileReference; fileEncoding = 4; lastKnownFileType = sourcecode.swift; path = SegueFromRightToLeft.swift; sourceTree = "<group>"; };
		E27AD63721E6F95700CD67B6 /* SegueUnwindToRight.swift */ = {isa = PBXFileReference; fileEncoding = 4; lastKnownFileType = sourcecode.swift; path = SegueUnwindToRight.swift; sourceTree = "<group>"; };
		E27AD63B21E71BF400CD67B6 /* KmaApiForecastSpace3hoursModel.swift */ = {isa = PBXFileReference; lastKnownFileType = sourcecode.swift; path = KmaApiForecastSpace3hoursModel.swift; sourceTree = "<group>"; };
		E27AD63D21E71C3B00CD67B6 /* KmaApiForecastSpace3hours.swift */ = {isa = PBXFileReference; lastKnownFileType = sourcecode.swift; path = KmaApiForecastSpace3hours.swift; sourceTree = "<group>"; };
		E29552B221E998470097480E /* KmaHourlyModel.swift */ = {isa = PBXFileReference; lastKnownFileType = sourcecode.swift; path = KmaHourlyModel.swift; sourceTree = "<group>"; };
		E29552B421E9A1550097480E /* Settings.swift */ = {isa = PBXFileReference; lastKnownFileType = sourcecode.swift; path = Settings.swift; sourceTree = "<group>"; };
		E29552B721E9AAEA0097480E /* CollectionViewCellShort.swift */ = {isa = PBXFileReference; lastKnownFileType = sourcecode.swift; path = CollectionViewCellShort.swift; sourceTree = "<group>"; };
		E2EF048921DF1E9A005C00EB /* FronteerKr.swift */ = {isa = PBXFileReference; fileEncoding = 4; lastKnownFileType = sourcecode.swift; path = FronteerKr.swift; sourceTree = "<group>"; };
		E2EF049721DF265A005C00EB /* ServiceConfig.swift */ = {isa = PBXFileReference; lastKnownFileType = sourcecode.swift; path = ServiceConfig.swift; sourceTree = "<group>"; };
		E2EF04A721E30C4E005C00EB /* KmaUtils.swift */ = {isa = PBXFileReference; lastKnownFileType = sourcecode.swift; path = KmaUtils.swift; sourceTree = "<group>"; };
		E2EF04A921E310EA005C00EB /* KmaApiForecastTimeVeryShort.swift */ = {isa = PBXFileReference; lastKnownFileType = sourcecode.swift; path = KmaApiForecastTimeVeryShort.swift; sourceTree = "<group>"; };
		F067B2E6CDEA81C0100A7918 /* Pods-TwyTodayExt.debug.xcconfig */ = {isa = PBXFileReference; includeInIndex = 1; lastKnownFileType = text.xcconfig; name = "Pods-TwyTodayExt.debug.xcconfig"; path = "Pods/Target Support Files/Pods-TwyTodayExt/Pods-TwyTodayExt.debug.xcconfig"; sourceTree = "<group>"; };
		FCDE87C5520862142ACA093C /* Pods_TwyTodayExt.framework */ = {isa = PBXFileReference; explicitFileType = wrapper.framework; includeInIndex = 0; path = Pods_TwyTodayExt.framework; sourceTree = BUILT_PRODUCTS_DIR; };
		FF12F56F0D369DE8B6E06E3F /* Pods-TwyTodayExt.release.xcconfig */ = {isa = PBXFileReference; includeInIndex = 1; lastKnownFileType = text.xcconfig; name = "Pods-TwyTodayExt.release.xcconfig"; path = "Pods/Target Support Files/Pods-TwyTodayExt/Pods-TwyTodayExt.release.xcconfig"; sourceTree = "<group>"; };
/* End PBXFileReference section */

/* Begin PBXFrameworksBuildPhase section */
		E204CD212204569C006286FB /* Frameworks */ = {
			isa = PBXFrameworksBuildPhase;
			buildActionMask = 2147483647;
			files = (
				E204CD262204569D006286FB /* NotificationCenter.framework in Frameworks */,
				DE4BB555903B5025778A1A4A /* Pods_TwyTodayExt.framework in Frameworks */,
			);
			runOnlyForDeploymentPostprocessing = 0;
		};
		E26C5F3D21DF03B00061FF86 /* Frameworks */ = {
			isa = PBXFrameworksBuildPhase;
			buildActionMask = 2147483647;
			files = (
				E204CD1F22042DFE006286FB /* SwiftyJSON.framework in Frameworks */,
				E204CD1D22042D0F006286FB /* Alamofire.framework in Frameworks */,
				7BA6CD44D1EAE535350AD197 /* Pods_Twy222.framework in Frameworks */,
			);
			runOnlyForDeploymentPostprocessing = 0;
		};
/* End PBXFrameworksBuildPhase section */

/* Begin PBXGroup section */
		13D8F98E6CDFB45CA1A027C7 /* Frameworks */ = {
			isa = PBXGroup;
			children = (
				E204CD90220991D8006286FB /* Alamofire.framework */,
				E204CD92220991D8006286FB /* SwiftyJSON.framework */,
				E204CD1E22042DFE006286FB /* SwiftyJSON.framework */,
				E204CD1C22042D0F006286FB /* Alamofire.framework */,
				E204CD1822042C14006286FB /* Alamofire.framework */,
				E204CD1A22042C14006286FB /* SwiftyJSON.framework */,
				E204CD1222042BA4006286FB /* Alamofire.framework */,
				E204CD1422042BA4006286FB /* AlamofireSwiftyJSON.framework */,
				E204CD1622042BA4006286FB /* SwiftyJSON.framework */,
				E204CD0C22042980006286FB /* Alamofire.framework */,
				E204CD0E22042980006286FB /* AlamofireSwiftyJSON.framework */,
				E204CD1022042980006286FB /* SwiftyJSON.framework */,
				E204CD0822042735006286FB /* Alamofire.framework */,
				E204CD0A22042735006286FB /* SwiftyJSON.framework */,
				E204CD062204270A006286FB /* AlamofireSwiftyJSON.framework */,
				E204CD04220425B5006286FB /* Alamofire_SwiftyJSON.framework */,
				E204CD0222042319006286FB /* Alamofire.framework */,
				E204CD002204205F006286FB /* SwiftyJSON.framework */,
				97B938B956C54BF0C7E71FDA /* Pods_Twy222.framework */,
				E204CD252204569D006286FB /* NotificationCenter.framework */,
				FCDE87C5520862142ACA093C /* Pods_TwyTodayExt.framework */,
			);
			name = Frameworks;
			sourceTree = "<group>";
		};
		C7941E7C4E510B796D648FCE /* Pods */ = {
			isa = PBXGroup;
			children = (
				8F6D2E7D155B8B047BB68CA4 /* Pods-Twy222.debug.xcconfig */,
				71B58E0A89DA541E5CB639AE /* Pods-Twy222.release.xcconfig */,
				F067B2E6CDEA81C0100A7918 /* Pods-TwyTodayExt.debug.xcconfig */,
				FF12F56F0D369DE8B6E06E3F /* Pods-TwyTodayExt.release.xcconfig */,
			);
			name = Pods;
			sourceTree = "<group>";
		};
		E204CCE021FC8B1C006286FB /* AirKorea */ = {
			isa = PBXGroup;
			children = (
				E204CCE221FC8B47006286FB /* Models */,
				E204CCE121FC8B3F006286FB /* Api */,
				E204CCE321FC8B5E006286FB /* AkApiManager.swift */,
				E204CCE521FC8B92006286FB /* AkUtils.swift */,
			);
			path = AirKorea;
			sourceTree = "<group>";
		};
		E204CCE121FC8B3F006286FB /* Api */ = {
			isa = PBXGroup;
			children = (
				E204CCE721FC9A43006286FB /* AkApiBase.swift */,
				E204CCE921FC9DCB006286FB /* AkApiStation.swift */,
				E204CCF321FCBC2B006286FB /* AkApiAirPm.swift */,
			);
			path = Api;
			sourceTree = "<group>";
		};
		E204CCE221FC8B47006286FB /* Models */ = {
			isa = PBXGroup;
			children = (
				E204CCEB21FC9EC0006286FB /* AkApiStationModel.swift */,
				E204CCF121FCBB46006286FB /* AkApiAirPmModel.swift */,
			);
			path = Models;
			sourceTree = "<group>";
		};
		E204CCF521FD5E6A006286FB /* ViewControllers */ = {
			isa = PBXGroup;
			children = (
				E204CCF621FD5E82006286FB /* VCAir.swift */,
			);
			path = ViewControllers;
			sourceTree = "<group>";
		};
		E204CD272204569D006286FB /* TwyTodayExt */ = {
			isa = PBXGroup;
			children = (
				E204CD282204569D006286FB /* TodayViewController.swift */,
				E204CD2A2204569D006286FB /* MainInterface.storyboard */,
				E204CD2D2204569D006286FB /* Info.plist */,
			);
			path = TwyTodayExt;
			sourceTree = "<group>";
		};
		E204CD602205DB92006286FB /* Libraries */ = {
			isa = PBXGroup;
			children = (
				E27AD63321E6F95700CD67B6 /* Justinaus */,
				E2EF048821DF1E9A005C00EB /* FronteerKr */,
			);
			path = Libraries;
			sourceTree = "<group>";
		};
		E21D4B92220E84BD00E6B5B5 /* Utils */ = {
			isa = PBXGroup;
			children = (
				E27AD5BA21E342E900CD67B6 /* TwyUtils.swift */,
			);
			path = Utils;
			sourceTree = "<group>";
		};
		E220996E21EB17E100CDE9EA /* Api */ = {
			isa = PBXGroup;
			children = (
				E2EF04A921E310EA005C00EB /* KmaApiForecastTimeVeryShort.swift */,
				E27AD63D21E71C3B00CD67B6 /* KmaApiForecastSpace3hours.swift */,
				E27AD5C421E5A35000CD67B6 /* KmaApiActual.swift */,
				E27AD5C621E5A5E500CD67B6 /* KmaApiShortBase.swift */,
				E220997221EB1BC100CDE9EA /* KmaApiMidTemperature.swift */,
				E220998021F4458900CDE9EA /* KmaApiMidLand.swift */,
				E220997021EB18B100CDE9EA /* KmaApiMidBase.swift */,
			);
			path = Api;
			sourceTree = "<group>";
		};
		E220996F21EB17E800CDE9EA /* Models */ = {
			isa = PBXGroup;
			children = (
				E27AD5D021E5F1AD00CD67B6 /* KmaApiForecastTimeVeryShortModel.swift */,
				E27AD63B21E71BF400CD67B6 /* KmaApiForecastSpace3hoursModel.swift */,
				E27AD5C221E5A2C100CD67B6 /* KmaApiActualModel.swift */,
				E220998221F4477500CDE9EA /* KmaApiMidTemperatureModel.swift */,
				E220998621F4487900CDE9EA /* KmaApiMidLandModel.swift */,
				E29552B221E998470097480E /* KmaHourlyModel.swift */,
				E220998A21F6CEB800CDE9EA /* KmaXY.swift */,
				E220998C21FA157600CDE9EA /* IDate.swift */,
			);
			path = Models;
			sourceTree = "<group>";
		};
		E22D791421FC2A00000C3C46 /* Api */ = {
			isa = PBXGroup;
			children = (
				E22D791621FC2A98000C3C46 /* KakaoApiAddress.swift */,
				E22D791821FC2AC9000C3C46 /* KakaoApiBase.swift */,
			);
			path = Api;
			sourceTree = "<group>";
		};
		E22D791521FC2A09000C3C46 /* Models */ = {
			isa = PBXGroup;
			children = (
				E22D791A21FC2B22000C3C46 /* KakaoApiAddressModel.swift */,
			);
			path = Models;
			sourceTree = "<group>";
		};
		E26C5F3721DF03B00061FF86 = {
			isa = PBXGroup;
			children = (
				E26C5F4221DF03B00061FF86 /* Twy222 */,
				E204CD272204569D006286FB /* TwyTodayExt */,
				E26C5F4121DF03B00061FF86 /* Products */,
				C7941E7C4E510B796D648FCE /* Pods */,
				13D8F98E6CDFB45CA1A027C7 /* Frameworks */,
			);
			sourceTree = "<group>";
		};
		E26C5F4121DF03B00061FF86 /* Products */ = {
			isa = PBXGroup;
			children = (
				E26C5F4021DF03B00061FF86 /* Twy222.app */,
				E204CD242204569C006286FB /* TwyTodayExt.appex */,
			);
			name = Products;
			sourceTree = "<group>";
		};
		E26C5F4221DF03B00061FF86 /* Twy222 */ = {
			isa = PBXGroup;
			children = (
				E21D4B92220E84BD00E6B5B5 /* Utils */,
				E204CD602205DB92006286FB /* Libraries */,
				E204CCF521FD5E6A006286FB /* ViewControllers */,
				E29552B621E9AAA40097480E /* Views */,
				E27AD5D721E6709800CD67B6 /* Resources */,
				E2EF049121DF2518005C00EB /* Services */,
				E2EF048B21DF1F71005C00EB /* Models */,
				E26C5F4321DF03B00061FF86 /* AppDelegate.swift */,
				E26C5F4521DF03B00061FF86 /* ViewController.swift */,
				E204CD612206BA78006286FB /* ViewControllerCore.swift */,
				E26C5F4721DF03B00061FF86 /* Main.storyboard */,
				E26C5F4D21DF03B10061FF86 /* Assets.xcassets */,
				E26C5F4F21DF03B20061FF86 /* LaunchScreen.storyboard */,
				E26C5F5221DF03B20061FF86 /* Info.plist */,
				E26C5F4A21DF03B00061FF86 /* Twy222.xcdatamodeld */,
				E29552B421E9A1550097480E /* Settings.swift */,
				E204CD5C2204CA36006286FB /* CoreDataManager.swift */,
				E204CD632206CC48006286FB /* AppManager.swift */,
			);
			path = Twy222;
			sourceTree = "<group>";
		};
		E27AD5D721E6709800CD67B6 /* Resources */ = {
			isa = PBXGroup;
			children = (
				E27AD5DB21E6EAD100CD67B6 /* weather_icons */,
				E27AD5D821E670B000CD67B6 /* Fonts */,
			);
			path = Resources;
			sourceTree = "<group>";
		};
		E27AD5D821E670B000CD67B6 /* Fonts */ = {
			isa = PBXGroup;
			children = (
				E27AD5D921E6710900CD67B6 /* NanumGothic.ttf */,
			);
			path = Fonts;
			sourceTree = "<group>";
		};
		E27AD5DB21E6EAD100CD67B6 /* weather_icons */ = {
			isa = PBXGroup;
			children = (
				E27AD5DC21E6EAD100CD67B6 /* 14.png */,
				E27AD5DD21E6EAD100CD67B6 /* 28.png */,
				E27AD5DE21E6EAD100CD67B6 /* 29.png */,
				E27AD5DF21E6EAD100CD67B6 /* 01.png */,
				E27AD5E021E6EAD100CD67B6 /* 15.png */,
				E27AD5E121E6EAD100CD67B6 /* 03.png */,
				E27AD5E221E6EAD100CD67B6 /* 17.png */,
				E27AD5E321E6EAD100CD67B6 /* 16.png */,
				E27AD5E421E6EAD100CD67B6 /* 02.png */,
				E27AD5E521E6EAD100CD67B6 /* 06.png */,
				E27AD5E621E6EAD100CD67B6 /* 12.png */,
				E27AD5E721E6EAD100CD67B6 /* 13.png */,
				E27AD5E821E6EAD100CD67B6 /* 07.png */,
				E27AD5E921E6EAD100CD67B6 /* 39.png */,
				E27AD5EA21E6EAD100CD67B6 /* 11.png */,
				E27AD5EB21E6EAD100CD67B6 /* 05.png */,
				E27AD5EC21E6EAD100CD67B6 /* 04.png */,
				E27AD5ED21E6EAD100CD67B6 /* 10.png */,
				E27AD5EE21E6EAD100CD67B6 /* 38.png */,
				E27AD5EF21E6EAD100CD67B6 /* 35.png */,
				E27AD5F021E6EAD100CD67B6 /* 21.png */,
				E27AD5F121E6EAD100CD67B6 /* 09.png */,
				E27AD5F221E6EAD100CD67B6 /* 08.png */,
				E27AD5F321E6EAD100CD67B6 /* 20.png */,
				E27AD5F421E6EAD100CD67B6 /* 34.png */,
				E27AD5F521E6EAD100CD67B6 /* 22.png */,
				E27AD5F621E6EAD100CD67B6 /* 36.png */,
				E27AD5F721E6EAD100CD67B6 /* 37.png */,
				E27AD5F821E6EAD100CD67B6 /* 23.png */,
				E27AD5F921E6EAD100CD67B6 /* 27.png */,
				E27AD5FA21E6EAD100CD67B6 /* 33.png */,
				E27AD5FB21E6EAD100CD67B6 /* 32.png */,
				E27AD5FC21E6EAD100CD67B6 /* 26.png */,
				E27AD5FD21E6EAD100CD67B6 /* 18.png */,
				E27AD5FE21E6EAD100CD67B6 /* 30.png */,
				E27AD5FF21E6EAD100CD67B6 /* 24.png */,
				E27AD60021E6EAD100CD67B6 /* 25.png */,
				E27AD60121E6EAD100CD67B6 /* 31.png */,
				E27AD60221E6EAD100CD67B6 /* 19.png */,
				E27AD60321E6EAD100CD67B6 /* 42.png */,
				E27AD60421E6EAD100CD67B6 /* 41.png */,
				E27AD60521E6EAD100CD67B6 /* 40.png */,
			);
			path = weather_icons;
			sourceTree = "<group>";
		};
		E27AD63321E6F95700CD67B6 /* Justinaus */ = {
			isa = PBXGroup;
			children = (
				E27AD63421E6F95700CD67B6 /* JUtils.swift */,
				E27AD63521E6F95700CD67B6 /* Segues */,
			);
			path = Justinaus;
			sourceTree = "<group>";
		};
		E27AD63521E6F95700CD67B6 /* Segues */ = {
			isa = PBXGroup;
			children = (
				E27AD63621E6F95700CD67B6 /* SegueFromRightToLeft.swift */,
				E27AD63721E6F95700CD67B6 /* SegueUnwindToRight.swift */,
			);
			path = Segues;
			sourceTree = "<group>";
		};
		E29552B621E9AAA40097480E /* Views */ = {
			isa = PBXGroup;
			children = (
				E29552B721E9AAEA0097480E /* CollectionViewCellShort.swift */,
				E220998821F634B300CDE9EA /* CollectionViewCellMid.swift */,
			);
			path = Views;
			sourceTree = "<group>";
		};
		E2EF048821DF1E9A005C00EB /* FronteerKr */ = {
			isa = PBXGroup;
			children = (
				E2EF048921DF1E9A005C00EB /* FronteerKr.swift */,
			);
			path = FronteerKr;
			sourceTree = "<group>";
		};
		E2EF048B21DF1F71005C00EB /* Models */ = {
			isa = PBXGroup;
			children = (
				E220998421F447C700CDE9EA /* DailyTemperatureMaxMinModel.swift */,
				E27AD5CE21E5B94900CD67B6 /* HourlyModel.swift */,
				E220997821F2DAE400CDE9EA /* DailyModel.swift */,
				E204CCFE22036BE5006286FB /* ErrorModel.swift */,
			);
			path = Models;
			sourceTree = "<group>";
		};
		E2EF049121DF2518005C00EB /* Services */ = {
			isa = PBXGroup;
			children = (
				E204CCE021FC8B1C006286FB /* AirKorea */,
				E2EF04A221E2F547005C00EB /* Kakao */,
				E2EF04A121E2F368005C00EB /* Kma */,
				E2EF049721DF265A005C00EB /* ServiceConfig.swift */,
			);
			path = Services;
			sourceTree = "<group>";
		};
		E2EF04A121E2F368005C00EB /* Kma */ = {
			isa = PBXGroup;
			children = (
				E220996E21EB17E100CDE9EA /* Api */,
				E220996F21EB17E800CDE9EA /* Models */,
				E220997421F2B7FC00CDE9EA /* KmaApiMidTemperatureRegionManager.swift */,
				E2EF04A721E30C4E005C00EB /* KmaUtils.swift */,
				E27AD5C821E5AAD400CD67B6 /* KmaApiManager.swift */,
			);
			path = Kma;
			sourceTree = "<group>";
		};
		E2EF04A221E2F547005C00EB /* Kakao */ = {
			isa = PBXGroup;
			children = (
				E22D791521FC2A09000C3C46 /* Models */,
				E22D791421FC2A00000C3C46 /* Api */,
				E22D791C21FC355C000C3C46 /* KakaoApiManager.swift */,
			);
			path = Kakao;
			sourceTree = "<group>";
		};
/* End PBXGroup section */

/* Begin PBXNativeTarget section */
		E204CD232204569C006286FB /* TwyTodayExt */ = {
			isa = PBXNativeTarget;
			buildConfigurationList = E204CD312204569D006286FB /* Build configuration list for PBXNativeTarget "TwyTodayExt" */;
			buildPhases = (
				7FE395825FF2AA94A0750F3C /* [CP] Check Pods Manifest.lock */,
				E204CD202204569C006286FB /* Sources */,
				E204CD212204569C006286FB /* Frameworks */,
				E204CD222204569C006286FB /* Resources */,
			);
			buildRules = (
			);
			dependencies = (
			);
			name = TwyTodayExt;
			productName = TwyTodayExt;
			productReference = E204CD242204569C006286FB /* TwyTodayExt.appex */;
			productType = "com.apple.product-type.app-extension";
		};
		E26C5F3F21DF03B00061FF86 /* Twy222 */ = {
			isa = PBXNativeTarget;
			buildConfigurationList = E26C5F5521DF03B20061FF86 /* Build configuration list for PBXNativeTarget "Twy222" */;
			buildPhases = (
				E1BC4A567364120A95D9E67B /* [CP] Check Pods Manifest.lock */,
				E26C5F3C21DF03B00061FF86 /* Sources */,
				E26C5F3D21DF03B00061FF86 /* Frameworks */,
				E26C5F3E21DF03B00061FF86 /* Resources */,
				854D9427D406948FB2407295 /* [CP] Embed Pods Frameworks */,
				E204CD342204569D006286FB /* Embed App Extensions */,
			);
			buildRules = (
			);
			dependencies = (
				E204CD2F2204569D006286FB /* PBXTargetDependency */,
			);
			name = Twy222;
			productName = Twy222;
			productReference = E26C5F4021DF03B00061FF86 /* Twy222.app */;
			productType = "com.apple.product-type.application";
		};
/* End PBXNativeTarget section */

/* Begin PBXProject section */
		E26C5F3821DF03B00061FF86 /* Project object */ = {
			isa = PBXProject;
			attributes = {
				LastSwiftUpdateCheck = 1010;
				LastUpgradeCheck = 1010;
				ORGANIZATIONNAME = justinaus;
				TargetAttributes = {
					E204CD232204569C006286FB = {
						CreatedOnToolsVersion = 10.1;
					};
					E26C5F3F21DF03B00061FF86 = {
						CreatedOnToolsVersion = 10.1;
					};
				};
			};
			buildConfigurationList = E26C5F3B21DF03B00061FF86 /* Build configuration list for PBXProject "Twy222" */;
			compatibilityVersion = "Xcode 9.3";
			developmentRegion = en;
			hasScannedForEncodings = 0;
			knownRegions = (
				en,
				Base,
			);
			mainGroup = E26C5F3721DF03B00061FF86;
			productRefGroup = E26C5F4121DF03B00061FF86 /* Products */;
			projectDirPath = "";
			projectRoot = "";
			targets = (
				E26C5F3F21DF03B00061FF86 /* Twy222 */,
				E204CD232204569C006286FB /* TwyTodayExt */,
			);
		};
/* End PBXProject section */

/* Begin PBXResourcesBuildPhase section */
		E204CD222204569C006286FB /* Resources */ = {
			isa = PBXResourcesBuildPhase;
			buildActionMask = 2147483647;
			files = (
				E204CD66220991B5006286FB /* 14.png in Resources */,
				E204CD67220991B5006286FB /* 28.png in Resources */,
				E204CD68220991B5006286FB /* 29.png in Resources */,
				E204CD69220991B5006286FB /* 01.png in Resources */,
				E204CD6A220991B5006286FB /* 15.png in Resources */,
				E204CD6B220991B5006286FB /* 03.png in Resources */,
				E204CD6C220991B5006286FB /* 17.png in Resources */,
				E204CD6D220991B5006286FB /* 16.png in Resources */,
				E204CD6E220991B5006286FB /* 02.png in Resources */,
				E204CD6F220991B5006286FB /* 06.png in Resources */,
				E204CD70220991B5006286FB /* 12.png in Resources */,
				E204CD71220991B5006286FB /* 13.png in Resources */,
				E204CD72220991B5006286FB /* 07.png in Resources */,
				E204CD73220991B5006286FB /* 39.png in Resources */,
				E204CD74220991B5006286FB /* 11.png in Resources */,
				E204CD75220991B5006286FB /* 05.png in Resources */,
				E204CD76220991B5006286FB /* 04.png in Resources */,
				E204CD77220991B5006286FB /* 10.png in Resources */,
				E204CD78220991B5006286FB /* 38.png in Resources */,
				E204CD79220991B5006286FB /* 35.png in Resources */,
				E204CD7A220991B5006286FB /* 21.png in Resources */,
				E204CD7B220991B5006286FB /* 09.png in Resources */,
				E204CD7C220991B5006286FB /* 08.png in Resources */,
				E204CD7D220991B5006286FB /* 20.png in Resources */,
				E204CD7E220991B5006286FB /* 34.png in Resources */,
				E204CD7F220991B5006286FB /* 22.png in Resources */,
				E204CD80220991B5006286FB /* 36.png in Resources */,
				E204CD81220991B5006286FB /* 37.png in Resources */,
				E204CD82220991B5006286FB /* 23.png in Resources */,
				E204CD83220991B5006286FB /* 27.png in Resources */,
				E204CD84220991B5006286FB /* 33.png in Resources */,
				E204CD85220991B5006286FB /* 32.png in Resources */,
				E204CD86220991B5006286FB /* 26.png in Resources */,
				E204CD87220991B5006286FB /* 18.png in Resources */,
				E204CD88220991B5006286FB /* 30.png in Resources */,
				E204CD89220991B5006286FB /* 24.png in Resources */,
				E204CD8A220991B5006286FB /* 25.png in Resources */,
				E204CD8B220991B5006286FB /* 31.png in Resources */,
				E204CD8C220991B5006286FB /* 19.png in Resources */,
				E204CD8D220991B5006286FB /* 42.png in Resources */,
				E204CD8E220991B5006286FB /* 41.png in Resources */,
				E204CD8F220991B5006286FB /* 40.png in Resources */,
				E204CD65220991A4006286FB /* NanumGothic.ttf in Resources */,
				E204CD2C2204569D006286FB /* MainInterface.storyboard in Resources */,
			);
			runOnlyForDeploymentPostprocessing = 0;
		};
		E26C5F3E21DF03B00061FF86 /* Resources */ = {
			isa = PBXResourcesBuildPhase;
			buildActionMask = 2147483647;
			files = (
				E27AD61B21E6EAD100CD67B6 /* 09.png in Resources */,
				E27AD61021E6EAD100CD67B6 /* 12.png in Resources */,
				E27AD62721E6EAD100CD67B6 /* 18.png in Resources */,
				E27AD62B21E6EAD100CD67B6 /* 31.png in Resources */,
				E27AD62521E6EAD100CD67B6 /* 32.png in Resources */,
				E27AD60E21E6EAD100CD67B6 /* 02.png in Resources */,
				E27AD62121E6EAD100CD67B6 /* 37.png in Resources */,
				E27AD61221E6EAD100CD67B6 /* 07.png in Resources */,
				E27AD60B21E6EAD100CD67B6 /* 03.png in Resources */,
				E27AD60A21E6EAD100CD67B6 /* 15.png in Resources */,
				E27AD62C21E6EAD100CD67B6 /* 19.png in Resources */,
				E27AD60621E6EAD100CD67B6 /* 14.png in Resources */,
				E27AD61D21E6EAD100CD67B6 /* 20.png in Resources */,
				E27AD60821E6EAD100CD67B6 /* 29.png in Resources */,
				E27AD60F21E6EAD100CD67B6 /* 06.png in Resources */,
				E27AD62821E6EAD100CD67B6 /* 30.png in Resources */,
				E27AD61421E6EAD100CD67B6 /* 11.png in Resources */,
				E27AD62921E6EAD100CD67B6 /* 24.png in Resources */,
				E27AD62021E6EAD100CD67B6 /* 36.png in Resources */,
				E27AD60C21E6EAD100CD67B6 /* 17.png in Resources */,
				E27AD62321E6EAD100CD67B6 /* 27.png in Resources */,
				E27AD61E21E6EAD100CD67B6 /* 34.png in Resources */,
				E27AD62221E6EAD100CD67B6 /* 23.png in Resources */,
				E27AD62621E6EAD100CD67B6 /* 26.png in Resources */,
				E27AD61C21E6EAD100CD67B6 /* 08.png in Resources */,
				E27AD62E21E6EAD100CD67B6 /* 41.png in Resources */,
				E27AD61521E6EAD100CD67B6 /* 05.png in Resources */,
				E27AD60921E6EAD100CD67B6 /* 01.png in Resources */,
				E27AD62D21E6EAD100CD67B6 /* 42.png in Resources */,
				E27AD61821E6EAD100CD67B6 /* 38.png in Resources */,
				E27AD60721E6EAD100CD67B6 /* 28.png in Resources */,
				E27AD5DA21E671DD00CD67B6 /* NanumGothic.ttf in Resources */,
				E27AD61721E6EAD100CD67B6 /* 10.png in Resources */,
				E27AD60D21E6EAD100CD67B6 /* 16.png in Resources */,
				E27AD62421E6EAD100CD67B6 /* 33.png in Resources */,
				E27AD61921E6EAD100CD67B6 /* 35.png in Resources */,
				E27AD62A21E6EAD100CD67B6 /* 25.png in Resources */,
				E27AD62F21E6EAD100CD67B6 /* 40.png in Resources */,
				E27AD61321E6EAD100CD67B6 /* 39.png in Resources */,
				E26C5F5121DF03B20061FF86 /* LaunchScreen.storyboard in Resources */,
				E27AD61A21E6EAD100CD67B6 /* 21.png in Resources */,
				E27AD61F21E6EAD100CD67B6 /* 22.png in Resources */,
				E27AD61121E6EAD100CD67B6 /* 13.png in Resources */,
				E27AD61621E6EAD100CD67B6 /* 04.png in Resources */,
				E26C5F4E21DF03B10061FF86 /* Assets.xcassets in Resources */,
				E26C5F4921DF03B00061FF86 /* Main.storyboard in Resources */,
			);
			runOnlyForDeploymentPostprocessing = 0;
		};
/* End PBXResourcesBuildPhase section */

/* Begin PBXShellScriptBuildPhase section */
		7FE395825FF2AA94A0750F3C /* [CP] Check Pods Manifest.lock */ = {
			isa = PBXShellScriptBuildPhase;
			buildActionMask = 2147483647;
			files = (
			);
			inputFileListPaths = (
			);
			inputPaths = (
				"${PODS_PODFILE_DIR_PATH}/Podfile.lock",
				"${PODS_ROOT}/Manifest.lock",
			);
			name = "[CP] Check Pods Manifest.lock";
			outputFileListPaths = (
			);
			outputPaths = (
				"$(DERIVED_FILE_DIR)/Pods-TwyTodayExt-checkManifestLockResult.txt",
			);
			runOnlyForDeploymentPostprocessing = 0;
			shellPath = /bin/sh;
			shellScript = "diff \"${PODS_PODFILE_DIR_PATH}/Podfile.lock\" \"${PODS_ROOT}/Manifest.lock\" > /dev/null\nif [ $? != 0 ] ; then\n    # print error to STDERR\n    echo \"error: The sandbox is not in sync with the Podfile.lock. Run 'pod install' or update your CocoaPods installation.\" >&2\n    exit 1\nfi\n# This output is used by Xcode 'outputs' to avoid re-running this script phase.\necho \"SUCCESS\" > \"${SCRIPT_OUTPUT_FILE_0}\"\n";
			showEnvVarsInLog = 0;
		};
		854D9427D406948FB2407295 /* [CP] Embed Pods Frameworks */ = {
			isa = PBXShellScriptBuildPhase;
			buildActionMask = 2147483647;
			files = (
			);
			inputFileListPaths = (
			);
			inputPaths = (
				"${SRCROOT}/Pods/Target Support Files/Pods-Twy222/Pods-Twy222-frameworks.sh",
				"${BUILT_PRODUCTS_DIR}/Alamofire/Alamofire.framework",
				"${BUILT_PRODUCTS_DIR}/SwiftyJSON/SwiftyJSON.framework",
			);
			name = "[CP] Embed Pods Frameworks";
			outputFileListPaths = (
			);
			outputPaths = (
				"${TARGET_BUILD_DIR}/${FRAMEWORKS_FOLDER_PATH}/Alamofire.framework",
				"${TARGET_BUILD_DIR}/${FRAMEWORKS_FOLDER_PATH}/SwiftyJSON.framework",
			);
			runOnlyForDeploymentPostprocessing = 0;
			shellPath = /bin/sh;
			shellScript = "\"${SRCROOT}/Pods/Target Support Files/Pods-Twy222/Pods-Twy222-frameworks.sh\"\n";
			showEnvVarsInLog = 0;
		};
		E1BC4A567364120A95D9E67B /* [CP] Check Pods Manifest.lock */ = {
			isa = PBXShellScriptBuildPhase;
			buildActionMask = 2147483647;
			files = (
			);
			inputFileListPaths = (
			);
			inputPaths = (
				"${PODS_PODFILE_DIR_PATH}/Podfile.lock",
				"${PODS_ROOT}/Manifest.lock",
			);
			name = "[CP] Check Pods Manifest.lock";
			outputFileListPaths = (
			);
			outputPaths = (
				"$(DERIVED_FILE_DIR)/Pods-Twy222-checkManifestLockResult.txt",
			);
			runOnlyForDeploymentPostprocessing = 0;
			shellPath = /bin/sh;
			shellScript = "diff \"${PODS_PODFILE_DIR_PATH}/Podfile.lock\" \"${PODS_ROOT}/Manifest.lock\" > /dev/null\nif [ $? != 0 ] ; then\n    # print error to STDERR\n    echo \"error: The sandbox is not in sync with the Podfile.lock. Run 'pod install' or update your CocoaPods installation.\" >&2\n    exit 1\nfi\n# This output is used by Xcode 'outputs' to avoid re-running this script phase.\necho \"SUCCESS\" > \"${SCRIPT_OUTPUT_FILE_0}\"\n";
			showEnvVarsInLog = 0;
		};
/* End PBXShellScriptBuildPhase section */

/* Begin PBXSourcesBuildPhase section */
		E204CD202204569C006286FB /* Sources */ = {
			isa = PBXSourcesBuildPhase;
			buildActionMask = 2147483647;
			files = (
				E204CDA4220997C0006286FB /* KmaApiForecastSpace3hours.swift in Sources */,
				E204CDA2220997B7006286FB /* KmaApiActualModel.swift in Sources */,
				E204CDB2220997F9006286FB /* JUtils.swift in Sources */,
				E204CDA6220997C0006286FB /* KmaApiShortBase.swift in Sources */,
				E204CD992209977A006286FB /* ErrorModel.swift in Sources */,
				E204CDAF220997E5006286FB /* AkApiBase.swift in Sources */,
				E204CDB3220997FD006286FB /* FronteerKr.swift in Sources */,
				E204CDAA220997D2006286FB /* KakaoApiAddressModel.swift in Sources */,
				E22668DE22099F6F0059EEB3 /* DailyTemperatureMaxMinModel.swift in Sources */,
				E204CDA7220997C6006286FB /* KakaoApiManager.swift in Sources */,
				E204CDAC220997D7006286FB /* AkUtils.swift in Sources */,
				E22668DB22099EEC0059EEB3 /* KmaApiMidLandModel.swift in Sources */,
				E22668D922099EEC0059EEB3 /* KmaApiForecastSpace3hoursModel.swift in Sources */,
				E204CD9822099765006286FB /* TwyUtils.swift in Sources */,
				E204CD9522099752006286FB /* AppManager.swift in Sources */,
				E22668D722099EE20059EEB3 /* KmaApiMidLand.swift in Sources */,
				E22668D822099EE20059EEB3 /* KmaApiMidBase.swift in Sources */,
				E204CDA3220997C0006286FB /* KmaApiForecastTimeVeryShort.swift in Sources */,
				E204CD292204569D006286FB /* TodayViewController.swift in Sources */,
				E204CD9622099755006286FB /* CoreDataManager.swift in Sources */,
				E22668DA22099EEC0059EEB3 /* KmaApiMidTemperatureModel.swift in Sources */,
				E204CDA8220997CD006286FB /* KakaoApiAddress.swift in Sources */,
				E204CD9F220997B0006286FB /* IDate.swift in Sources */,
				E204CDAD220997E1006286FB /* AkApiStationModel.swift in Sources */,
				E204CDB0220997E5006286FB /* AkApiStation.swift in Sources */,
				E22668DC22099EEC0059EEB3 /* KmaHourlyModel.swift in Sources */,
				E204CDAE220997E1006286FB /* AkApiAirPmModel.swift in Sources */,
				E204CD9C220997A1006286FB /* KmaUtils.swift in Sources */,
				E204CD9A2209978D006286FB /* ServiceConfig.swift in Sources */,
				E204CDA5220997C0006286FB /* KmaApiActual.swift in Sources */,
				E22668DF22099F6F0059EEB3 /* HourlyModel.swift in Sources */,
				E22668DD22099F050059EEB3 /* Twy222.xcdatamodeld in Sources */,
				E204CD9B2209979E006286FB /* KmaApiManager.swift in Sources */,
				E204CDAB220997D7006286FB /* AkApiManager.swift in Sources */,
				E204CD9E220997B0006286FB /* KmaXY.swift in Sources */,
				E22668D622099EE20059EEB3 /* KmaApiMidTemperature.swift in Sources */,
				E204CDA9220997CD006286FB /* KakaoApiBase.swift in Sources */,
				E204CD94220992B0006286FB /* ViewControllerCore.swift in Sources */,
				E204CD9722099762006286FB /* Settings.swift in Sources */,
				E22668E022099F6F0059EEB3 /* DailyModel.swift in Sources */,
				E204CD9D220997A4006286FB /* KmaApiMidTemperatureRegionManager.swift in Sources */,
				E204CDA0220997B7006286FB /* KmaApiForecastTimeVeryShortModel.swift in Sources */,
				E204CDB1220997E5006286FB /* AkApiAirPm.swift in Sources */,
			);
			runOnlyForDeploymentPostprocessing = 0;
		};
		E26C5F3C21DF03B00061FF86 /* Sources */ = {
			isa = PBXSourcesBuildPhase;
			buildActionMask = 2147483647;
			files = (
				E220998121F4458900CDE9EA /* KmaApiMidLand.swift in Sources */,
				E29552B521E9A1550097480E /* Settings.swift in Sources */,
				E220998521F447C700CDE9EA /* DailyTemperatureMaxMinModel.swift in Sources */,
				E27AD5C321E5A2C100CD67B6 /* KmaApiActualModel.swift in Sources */,
				E204CCEA21FC9DCB006286FB /* AkApiStation.swift in Sources */,
				E26C5F4621DF03B00061FF86 /* ViewController.swift in Sources */,
				E29552B321E998470097480E /* KmaHourlyModel.swift in Sources */,
				E220997121EB18B100CDE9EA /* KmaApiMidBase.swift in Sources */,
				E22D791921FC2AC9000C3C46 /* KakaoApiBase.swift in Sources */,
				E2EF049821DF265A005C00EB /* ServiceConfig.swift in Sources */,
				E220997521F2B7FC00CDE9EA /* KmaApiMidTemperatureRegionManager.swift in Sources */,
				E22D791B21FC2B22000C3C46 /* KakaoApiAddressModel.swift in Sources */,
				E27AD5BB21E342E900CD67B6 /* TwyUtils.swift in Sources */,
				E220997921F2DAE400CDE9EA /* DailyModel.swift in Sources */,
				E22D791D21FC355C000C3C46 /* KakaoApiManager.swift in Sources */,
				E27AD5C921E5AAD400CD67B6 /* KmaApiManager.swift in Sources */,
				E27AD63E21E71C3B00CD67B6 /* KmaApiForecastSpace3hours.swift in Sources */,
				E27AD5C721E5A5E500CD67B6 /* KmaApiShortBase.swift in Sources */,
				E27AD5CF21E5B94900CD67B6 /* HourlyModel.swift in Sources */,
				E2EF048A21DF1E9A005C00EB /* FronteerKr.swift in Sources */,
				E204CCFF22036BE5006286FB /* ErrorModel.swift in Sources */,
				E220997321EB1BC100CDE9EA /* KmaApiMidTemperature.swift in Sources */,
				E220998D21FA157600CDE9EA /* IDate.swift in Sources */,
				E204CCF221FCBB46006286FB /* AkApiAirPmModel.swift in Sources */,
				E27AD5D121E5F1AD00CD67B6 /* KmaApiForecastTimeVeryShortModel.swift in Sources */,
				E27AD5C521E5A35000CD67B6 /* KmaApiActual.swift in Sources */,
				E220998B21F6CEB800CDE9EA /* KmaXY.swift in Sources */,
				E204CD622206BA78006286FB /* ViewControllerCore.swift in Sources */,
				E220998721F4487900CDE9EA /* KmaApiMidLandModel.swift in Sources */,
				E22D791721FC2A98000C3C46 /* KakaoApiAddress.swift in Sources */,
				E220998921F634B300CDE9EA /* CollectionViewCellMid.swift in Sources */,
				E2EF04A821E30C4E005C00EB /* KmaUtils.swift in Sources */,
				E204CCEC21FC9EC0006286FB /* AkApiStationModel.swift in Sources */,
				E204CCE821FC9A43006286FB /* AkApiBase.swift in Sources */,
				E26C5F4C21DF03B00061FF86 /* Twy222.xcdatamodeld in Sources */,
				E204CD642206CC48006286FB /* AppManager.swift in Sources */,
				E204CCE621FC8B92006286FB /* AkUtils.swift in Sources */,
				E27AD63A21E6F95700CD67B6 /* SegueUnwindToRight.swift in Sources */,
				E204CD5D2204CA36006286FB /* CoreDataManager.swift in Sources */,
				E204CCF721FD5E82006286FB /* VCAir.swift in Sources */,
				E2EF04AA21E310EA005C00EB /* KmaApiForecastTimeVeryShort.swift in Sources */,
				E27AD63C21E71BF400CD67B6 /* KmaApiForecastSpace3hoursModel.swift in Sources */,
				E26C5F4421DF03B00061FF86 /* AppDelegate.swift in Sources */,
				E29552B821E9AAEA0097480E /* CollectionViewCellShort.swift in Sources */,
				E27AD63921E6F95700CD67B6 /* SegueFromRightToLeft.swift in Sources */,
				E220998321F4477500CDE9EA /* KmaApiMidTemperatureModel.swift in Sources */,
				E204CCE421FC8B5E006286FB /* AkApiManager.swift in Sources */,
				E27AD63821E6F95700CD67B6 /* JUtils.swift in Sources */,
				E204CCF421FCBC2B006286FB /* AkApiAirPm.swift in Sources */,
			);
			runOnlyForDeploymentPostprocessing = 0;
		};
/* End PBXSourcesBuildPhase section */

/* Begin PBXTargetDependency section */
		E204CD2F2204569D006286FB /* PBXTargetDependency */ = {
			isa = PBXTargetDependency;
			target = E204CD232204569C006286FB /* TwyTodayExt */;
			targetProxy = E204CD2E2204569D006286FB /* PBXContainerItemProxy */;
		};
/* End PBXTargetDependency section */

/* Begin PBXVariantGroup section */
		E204CD2A2204569D006286FB /* MainInterface.storyboard */ = {
			isa = PBXVariantGroup;
			children = (
				E204CD2B2204569D006286FB /* Base */,
			);
			name = MainInterface.storyboard;
			sourceTree = "<group>";
		};
		E26C5F4721DF03B00061FF86 /* Main.storyboard */ = {
			isa = PBXVariantGroup;
			children = (
				E26C5F4821DF03B00061FF86 /* Base */,
			);
			name = Main.storyboard;
			sourceTree = "<group>";
		};
		E26C5F4F21DF03B20061FF86 /* LaunchScreen.storyboard */ = {
			isa = PBXVariantGroup;
			children = (
				E26C5F5021DF03B20061FF86 /* Base */,
			);
			name = LaunchScreen.storyboard;
			sourceTree = "<group>";
		};
/* End PBXVariantGroup section */

/* Begin XCBuildConfiguration section */
		E204CD322204569D006286FB /* Debug */ = {
			isa = XCBuildConfiguration;
			baseConfigurationReference = F067B2E6CDEA81C0100A7918 /* Pods-TwyTodayExt.debug.xcconfig */;
			buildSettings = {
				CODE_SIGN_STYLE = Automatic;
				DEVELOPMENT_TEAM = 9NZC5VWKUT;
				INFOPLIST_FILE = TwyTodayExt/Info.plist;
				IPHONEOS_DEPLOYMENT_TARGET = 10.0;
				LD_RUNPATH_SEARCH_PATHS = (
					"$(inherited)",
					"@executable_path/Frameworks",
					"@executable_path/../../Frameworks",
				);
				PRODUCT_BUNDLE_IDENTIFIER = com.justinaus.twy.TwyTodayExt;
				PRODUCT_NAME = "$(TARGET_NAME)";
				SKIP_INSTALL = YES;
				SWIFT_VERSION = 4.2;
				TARGETED_DEVICE_FAMILY = 1;
			};
			name = Debug;
		};
		E204CD332204569D006286FB /* Release */ = {
			isa = XCBuildConfiguration;
			baseConfigurationReference = FF12F56F0D369DE8B6E06E3F /* Pods-TwyTodayExt.release.xcconfig */;
			buildSettings = {
				CODE_SIGN_STYLE = Automatic;
				DEVELOPMENT_TEAM = 9NZC5VWKUT;
				INFOPLIST_FILE = TwyTodayExt/Info.plist;
				IPHONEOS_DEPLOYMENT_TARGET = 10.0;
				LD_RUNPATH_SEARCH_PATHS = (
					"$(inherited)",
					"@executable_path/Frameworks",
					"@executable_path/../../Frameworks",
				);
				PRODUCT_BUNDLE_IDENTIFIER = com.justinaus.twy.TwyTodayExt;
				PRODUCT_NAME = "$(TARGET_NAME)";
				SKIP_INSTALL = YES;
				SWIFT_VERSION = 4.2;
				TARGETED_DEVICE_FAMILY = 1;
			};
			name = Release;
		};
		E26C5F5321DF03B20061FF86 /* Debug */ = {
			isa = XCBuildConfiguration;
			buildSettings = {
				ALWAYS_SEARCH_USER_PATHS = NO;
				CLANG_ANALYZER_NONNULL = YES;
				CLANG_ANALYZER_NUMBER_OBJECT_CONVERSION = YES_AGGRESSIVE;
				CLANG_CXX_LANGUAGE_STANDARD = "gnu++14";
				CLANG_CXX_LIBRARY = "libc++";
				CLANG_ENABLE_MODULES = YES;
				CLANG_ENABLE_OBJC_ARC = YES;
				CLANG_ENABLE_OBJC_WEAK = YES;
				CLANG_WARN_BLOCK_CAPTURE_AUTORELEASING = YES;
				CLANG_WARN_BOOL_CONVERSION = YES;
				CLANG_WARN_COMMA = YES;
				CLANG_WARN_CONSTANT_CONVERSION = YES;
				CLANG_WARN_DEPRECATED_OBJC_IMPLEMENTATIONS = YES;
				CLANG_WARN_DIRECT_OBJC_ISA_USAGE = YES_ERROR;
				CLANG_WARN_DOCUMENTATION_COMMENTS = YES;
				CLANG_WARN_EMPTY_BODY = YES;
				CLANG_WARN_ENUM_CONVERSION = YES;
				CLANG_WARN_INFINITE_RECURSION = YES;
				CLANG_WARN_INT_CONVERSION = YES;
				CLANG_WARN_NON_LITERAL_NULL_CONVERSION = YES;
				CLANG_WARN_OBJC_IMPLICIT_RETAIN_SELF = YES;
				CLANG_WARN_OBJC_LITERAL_CONVERSION = YES;
				CLANG_WARN_OBJC_ROOT_CLASS = YES_ERROR;
				CLANG_WARN_RANGE_LOOP_ANALYSIS = YES;
				CLANG_WARN_STRICT_PROTOTYPES = YES;
				CLANG_WARN_SUSPICIOUS_MOVE = YES;
				CLANG_WARN_UNGUARDED_AVAILABILITY = YES_AGGRESSIVE;
				CLANG_WARN_UNREACHABLE_CODE = YES;
				CLANG_WARN__DUPLICATE_METHOD_MATCH = YES;
				CODE_SIGN_IDENTITY = "iPhone Developer";
				COPY_PHASE_STRIP = NO;
				DEBUG_INFORMATION_FORMAT = dwarf;
				ENABLE_STRICT_OBJC_MSGSEND = YES;
				ENABLE_TESTABILITY = YES;
				GCC_C_LANGUAGE_STANDARD = gnu11;
				GCC_DYNAMIC_NO_PIC = NO;
				GCC_NO_COMMON_BLOCKS = YES;
				GCC_OPTIMIZATION_LEVEL = 0;
				GCC_PREPROCESSOR_DEFINITIONS = (
					"DEBUG=1",
					"$(inherited)",
				);
				GCC_WARN_64_TO_32_BIT_CONVERSION = YES;
				GCC_WARN_ABOUT_RETURN_TYPE = YES_ERROR;
				GCC_WARN_UNDECLARED_SELECTOR = YES;
				GCC_WARN_UNINITIALIZED_AUTOS = YES_AGGRESSIVE;
				GCC_WARN_UNUSED_FUNCTION = YES;
				GCC_WARN_UNUSED_VARIABLE = YES;
				IPHONEOS_DEPLOYMENT_TARGET = 12.1;
				MTL_ENABLE_DEBUG_INFO = INCLUDE_SOURCE;
				MTL_FAST_MATH = YES;
				ONLY_ACTIVE_ARCH = YES;
				SDKROOT = iphoneos;
				SWIFT_ACTIVE_COMPILATION_CONDITIONS = DEBUG;
				SWIFT_OPTIMIZATION_LEVEL = "-Onone";
			};
			name = Debug;
		};
		E26C5F5421DF03B20061FF86 /* Release */ = {
			isa = XCBuildConfiguration;
			buildSettings = {
				ALWAYS_SEARCH_USER_PATHS = NO;
				CLANG_ANALYZER_NONNULL = YES;
				CLANG_ANALYZER_NUMBER_OBJECT_CONVERSION = YES_AGGRESSIVE;
				CLANG_CXX_LANGUAGE_STANDARD = "gnu++14";
				CLANG_CXX_LIBRARY = "libc++";
				CLANG_ENABLE_MODULES = YES;
				CLANG_ENABLE_OBJC_ARC = YES;
				CLANG_ENABLE_OBJC_WEAK = YES;
				CLANG_WARN_BLOCK_CAPTURE_AUTORELEASING = YES;
				CLANG_WARN_BOOL_CONVERSION = YES;
				CLANG_WARN_COMMA = YES;
				CLANG_WARN_CONSTANT_CONVERSION = YES;
				CLANG_WARN_DEPRECATED_OBJC_IMPLEMENTATIONS = YES;
				CLANG_WARN_DIRECT_OBJC_ISA_USAGE = YES_ERROR;
				CLANG_WARN_DOCUMENTATION_COMMENTS = YES;
				CLANG_WARN_EMPTY_BODY = YES;
				CLANG_WARN_ENUM_CONVERSION = YES;
				CLANG_WARN_INFINITE_RECURSION = YES;
				CLANG_WARN_INT_CONVERSION = YES;
				CLANG_WARN_NON_LITERAL_NULL_CONVERSION = YES;
				CLANG_WARN_OBJC_IMPLICIT_RETAIN_SELF = YES;
				CLANG_WARN_OBJC_LITERAL_CONVERSION = YES;
				CLANG_WARN_OBJC_ROOT_CLASS = YES_ERROR;
				CLANG_WARN_RANGE_LOOP_ANALYSIS = YES;
				CLANG_WARN_STRICT_PROTOTYPES = YES;
				CLANG_WARN_SUSPICIOUS_MOVE = YES;
				CLANG_WARN_UNGUARDED_AVAILABILITY = YES_AGGRESSIVE;
				CLANG_WARN_UNREACHABLE_CODE = YES;
				CLANG_WARN__DUPLICATE_METHOD_MATCH = YES;
				CODE_SIGN_IDENTITY = "iPhone Developer";
				COPY_PHASE_STRIP = NO;
				DEBUG_INFORMATION_FORMAT = "dwarf-with-dsym";
				ENABLE_NS_ASSERTIONS = NO;
				ENABLE_STRICT_OBJC_MSGSEND = YES;
				GCC_C_LANGUAGE_STANDARD = gnu11;
				GCC_NO_COMMON_BLOCKS = YES;
				GCC_WARN_64_TO_32_BIT_CONVERSION = YES;
				GCC_WARN_ABOUT_RETURN_TYPE = YES_ERROR;
				GCC_WARN_UNDECLARED_SELECTOR = YES;
				GCC_WARN_UNINITIALIZED_AUTOS = YES_AGGRESSIVE;
				GCC_WARN_UNUSED_FUNCTION = YES;
				GCC_WARN_UNUSED_VARIABLE = YES;
				IPHONEOS_DEPLOYMENT_TARGET = 12.1;
				MTL_ENABLE_DEBUG_INFO = NO;
				MTL_FAST_MATH = YES;
				SDKROOT = iphoneos;
				SWIFT_COMPILATION_MODE = wholemodule;
				SWIFT_OPTIMIZATION_LEVEL = "-O";
				VALIDATE_PRODUCT = YES;
			};
			name = Release;
		};
		E26C5F5621DF03B20061FF86 /* Debug */ = {
			isa = XCBuildConfiguration;
			baseConfigurationReference = 8F6D2E7D155B8B047BB68CA4 /* Pods-Twy222.debug.xcconfig */;
			buildSettings = {
				ALWAYS_EMBED_SWIFT_STANDARD_LIBRARIES = YES;
				ASSETCATALOG_COMPILER_APPICON_NAME = AppIcon;
				CODE_SIGN_STYLE = Automatic;
				DEVELOPMENT_TEAM = 9NZC5VWKUT;
				INFOPLIST_FILE = Twy222/Info.plist;
				IPHONEOS_DEPLOYMENT_TARGET = 10.0;
				LD_RUNPATH_SEARCH_PATHS = (
					"$(inherited)",
					"@executable_path/Frameworks",
				);
				PRODUCT_BUNDLE_IDENTIFIER = com.justinaus.twy;
				PRODUCT_NAME = "$(TARGET_NAME)";
				SWIFT_VERSION = 4.2;
				TARGETED_DEVICE_FAMILY = 1;
			};
			name = Debug;
		};
		E26C5F5721DF03B20061FF86 /* Release */ = {
			isa = XCBuildConfiguration;
			baseConfigurationReference = 71B58E0A89DA541E5CB639AE /* Pods-Twy222.release.xcconfig */;
			buildSettings = {
				ALWAYS_EMBED_SWIFT_STANDARD_LIBRARIES = YES;
				ASSETCATALOG_COMPILER_APPICON_NAME = AppIcon;
				CODE_SIGN_STYLE = Automatic;
				DEVELOPMENT_TEAM = 9NZC5VWKUT;
				INFOPLIST_FILE = Twy222/Info.plist;
				IPHONEOS_DEPLOYMENT_TARGET = 10.0;
				LD_RUNPATH_SEARCH_PATHS = (
					"$(inherited)",
					"@executable_path/Frameworks",
				);
				PRODUCT_BUNDLE_IDENTIFIER = com.justinaus.twy;
				PRODUCT_NAME = "$(TARGET_NAME)";
				SWIFT_VERSION = 4.2;
				TARGETED_DEVICE_FAMILY = 1;
			};
			name = Release;
		};
/* End XCBuildConfiguration section */

/* Begin XCConfigurationList section */
		E204CD312204569D006286FB /* Build configuration list for PBXNativeTarget "TwyTodayExt" */ = {
			isa = XCConfigurationList;
			buildConfigurations = (
				E204CD322204569D006286FB /* Debug */,
				E204CD332204569D006286FB /* Release */,
			);
			defaultConfigurationIsVisible = 0;
			defaultConfigurationName = Release;
		};
		E26C5F3B21DF03B00061FF86 /* Build configuration list for PBXProject "Twy222" */ = {
			isa = XCConfigurationList;
			buildConfigurations = (
				E26C5F5321DF03B20061FF86 /* Debug */,
				E26C5F5421DF03B20061FF86 /* Release */,
			);
			defaultConfigurationIsVisible = 0;
			defaultConfigurationName = Release;
		};
		E26C5F5521DF03B20061FF86 /* Build configuration list for PBXNativeTarget "Twy222" */ = {
			isa = XCConfigurationList;
			buildConfigurations = (
				E26C5F5621DF03B20061FF86 /* Debug */,
				E26C5F5721DF03B20061FF86 /* Release */,
			);
			defaultConfigurationIsVisible = 0;
			defaultConfigurationName = Release;
		};
/* End XCConfigurationList section */

/* Begin XCVersionGroup section */
		E26C5F4A21DF03B00061FF86 /* Twy222.xcdatamodeld */ = {
			isa = XCVersionGroup;
			children = (
				E26C5F4B21DF03B00061FF86 /* Twy222.xcdatamodel */,
			);
			currentVersion = E26C5F4B21DF03B00061FF86 /* Twy222.xcdatamodel */;
			path = Twy222.xcdatamodeld;
			sourceTree = "<group>";
			versionGroupType = wrapper.xcdatamodel;
		};
/* End XCVersionGroup section */
	};
	rootObject = E26C5F3821DF03B00061FF86 /* Project object */;
}
