// !$*UTF8*$!
{
	archiveVersion = 1;
	classes = {
	};
	objectVersion = 50;
	objects = {

/* Begin PBXBuildFile section */
		E220997121EB18B100CDE9EA /* KmaApiMidBase.swift in Sources */ = {isa = PBXBuildFile; fileRef = E220997021EB18B100CDE9EA /* KmaApiMidBase.swift */; };
		E220997321EB1BC100CDE9EA /* KmaApiMidTemperature.swift in Sources */ = {isa = PBXBuildFile; fileRef = E220997221EB1BC100CDE9EA /* KmaApiMidTemperature.swift */; };
		E220997521F2B7FC00CDE9EA /* KmaApiMidTemperatureRegion.swift in Sources */ = {isa = PBXBuildFile; fileRef = E220997421F2B7FC00CDE9EA /* KmaApiMidTemperatureRegion.swift */; };
		E220997721F2DACD00CDE9EA /* ForecastMidListModel.swift in Sources */ = {isa = PBXBuildFile; fileRef = E220997621F2DACD00CDE9EA /* ForecastMidListModel.swift */; };
		E220997921F2DAE400CDE9EA /* DailyModel.swift in Sources */ = {isa = PBXBuildFile; fileRef = E220997821F2DAE400CDE9EA /* DailyModel.swift */; };
		E220997B21F30DA800CDE9EA /* KmaApiMidModel.swift in Sources */ = {isa = PBXBuildFile; fileRef = E220997A21F30DA800CDE9EA /* KmaApiMidModel.swift */; };
		E220997D21F30DEA00CDE9EA /* KmaDailyModel.swift in Sources */ = {isa = PBXBuildFile; fileRef = E220997C21F30DEA00CDE9EA /* KmaDailyModel.swift */; };
		E220997F21F316F200CDE9EA /* ApiBase.swift in Sources */ = {isa = PBXBuildFile; fileRef = E220997E21F316F200CDE9EA /* ApiBase.swift */; };
		E26C5F4421DF03B00061FF86 /* AppDelegate.swift in Sources */ = {isa = PBXBuildFile; fileRef = E26C5F4321DF03B00061FF86 /* AppDelegate.swift */; };
		E26C5F4621DF03B00061FF86 /* ViewController.swift in Sources */ = {isa = PBXBuildFile; fileRef = E26C5F4521DF03B00061FF86 /* ViewController.swift */; };
		E26C5F4921DF03B00061FF86 /* Main.storyboard in Resources */ = {isa = PBXBuildFile; fileRef = E26C5F4721DF03B00061FF86 /* Main.storyboard */; };
		E26C5F4C21DF03B00061FF86 /* Twy222.xcdatamodeld in Sources */ = {isa = PBXBuildFile; fileRef = E26C5F4A21DF03B00061FF86 /* Twy222.xcdatamodeld */; };
		E26C5F4E21DF03B10061FF86 /* Assets.xcassets in Resources */ = {isa = PBXBuildFile; fileRef = E26C5F4D21DF03B10061FF86 /* Assets.xcassets */; };
		E26C5F5121DF03B20061FF86 /* LaunchScreen.storyboard in Resources */ = {isa = PBXBuildFile; fileRef = E26C5F4F21DF03B20061FF86 /* LaunchScreen.storyboard */; };
		E27AD5BB21E342E900CD67B6 /* TwyUtils.swift in Sources */ = {isa = PBXBuildFile; fileRef = E27AD5BA21E342E900CD67B6 /* TwyUtils.swift */; };
		E27AD5C321E5A2C100CD67B6 /* KmaApiActualModel.swift in Sources */ = {isa = PBXBuildFile; fileRef = E27AD5C221E5A2C100CD67B6 /* KmaApiActualModel.swift */; };
		E27AD5C521E5A35000CD67B6 /* KmaApiActual.swift in Sources */ = {isa = PBXBuildFile; fileRef = E27AD5C421E5A35000CD67B6 /* KmaApiActual.swift */; };
		E27AD5C721E5A5E500CD67B6 /* KmaApiShortBase.swift in Sources */ = {isa = PBXBuildFile; fileRef = E27AD5C621E5A5E500CD67B6 /* KmaApiShortBase.swift */; };
		E27AD5C921E5AAD400CD67B6 /* KmaApiManager.swift in Sources */ = {isa = PBXBuildFile; fileRef = E27AD5C821E5AAD400CD67B6 /* KmaApiManager.swift */; };
		E27AD5CB21E5B40900CD67B6 /* NowModel.swift in Sources */ = {isa = PBXBuildFile; fileRef = E27AD5CA21E5B40900CD67B6 /* NowModel.swift */; };
		E27AD5CD21E5B92B00CD67B6 /* ForecastHourListModel.swift in Sources */ = {isa = PBXBuildFile; fileRef = E27AD5CC21E5B92B00CD67B6 /* ForecastHourListModel.swift */; };
		E27AD5CF21E5B94900CD67B6 /* HourlyModel.swift in Sources */ = {isa = PBXBuildFile; fileRef = E27AD5CE21E5B94900CD67B6 /* HourlyModel.swift */; };
		E27AD5D121E5F1AD00CD67B6 /* KmaApiForecastTimeVeryShortModel.swift in Sources */ = {isa = PBXBuildFile; fileRef = E27AD5D021E5F1AD00CD67B6 /* KmaApiForecastTimeVeryShortModel.swift */; };
		E27AD5D421E6035100CD67B6 /* KmaStructs.swift in Sources */ = {isa = PBXBuildFile; fileRef = E27AD5D321E6035100CD67B6 /* KmaStructs.swift */; };
		E27AD5D621E6039E00CD67B6 /* KmaEnums.swift in Sources */ = {isa = PBXBuildFile; fileRef = E27AD5D521E6039E00CD67B6 /* KmaEnums.swift */; };
		E27AD5DA21E671DD00CD67B6 /* NanumGothic.ttf in Resources */ = {isa = PBXBuildFile; fileRef = E27AD5D921E6710900CD67B6 /* NanumGothic.ttf */; };
		E27AD60621E6EAD100CD67B6 /* 14.png in Resources */ = {isa = PBXBuildFile; fileRef = E27AD5DC21E6EAD100CD67B6 /* 14.png */; };
		E27AD60721E6EAD100CD67B6 /* 28.png in Resources */ = {isa = PBXBuildFile; fileRef = E27AD5DD21E6EAD100CD67B6 /* 28.png */; };
		E27AD60821E6EAD100CD67B6 /* 29.png in Resources */ = {isa = PBXBuildFile; fileRef = E27AD5DE21E6EAD100CD67B6 /* 29.png */; };
		E27AD60921E6EAD100CD67B6 /* 01.png in Resources */ = {isa = PBXBuildFile; fileRef = E27AD5DF21E6EAD100CD67B6 /* 01.png */; };
		E27AD60A21E6EAD100CD67B6 /* 15.png in Resources */ = {isa = PBXBuildFile; fileRef = E27AD5E021E6EAD100CD67B6 /* 15.png */; };
		E27AD60B21E6EAD100CD67B6 /* 03.png in Resources */ = {isa = PBXBuildFile; fileRef = E27AD5E121E6EAD100CD67B6 /* 03.png */; };
		E27AD60C21E6EAD100CD67B6 /* 17.png in Resources */ = {isa = PBXBuildFile; fileRef = E27AD5E221E6EAD100CD67B6 /* 17.png */; };
		E27AD60D21E6EAD100CD67B6 /* 16.png in Resources */ = {isa = PBXBuildFile; fileRef = E27AD5E321E6EAD100CD67B6 /* 16.png */; };
		E27AD60E21E6EAD100CD67B6 /* 02.png in Resources */ = {isa = PBXBuildFile; fileRef = E27AD5E421E6EAD100CD67B6 /* 02.png */; };
		E27AD60F21E6EAD100CD67B6 /* 06.png in Resources */ = {isa = PBXBuildFile; fileRef = E27AD5E521E6EAD100CD67B6 /* 06.png */; };
		E27AD61021E6EAD100CD67B6 /* 12.png in Resources */ = {isa = PBXBuildFile; fileRef = E27AD5E621E6EAD100CD67B6 /* 12.png */; };
		E27AD61121E6EAD100CD67B6 /* 13.png in Resources */ = {isa = PBXBuildFile; fileRef = E27AD5E721E6EAD100CD67B6 /* 13.png */; };
		E27AD61221E6EAD100CD67B6 /* 07.png in Resources */ = {isa = PBXBuildFile; fileRef = E27AD5E821E6EAD100CD67B6 /* 07.png */; };
		E27AD61321E6EAD100CD67B6 /* 39.png in Resources */ = {isa = PBXBuildFile; fileRef = E27AD5E921E6EAD100CD67B6 /* 39.png */; };
		E27AD61421E6EAD100CD67B6 /* 11.png in Resources */ = {isa = PBXBuildFile; fileRef = E27AD5EA21E6EAD100CD67B6 /* 11.png */; };
		E27AD61521E6EAD100CD67B6 /* 05.png in Resources */ = {isa = PBXBuildFile; fileRef = E27AD5EB21E6EAD100CD67B6 /* 05.png */; };
		E27AD61621E6EAD100CD67B6 /* 04.png in Resources */ = {isa = PBXBuildFile; fileRef = E27AD5EC21E6EAD100CD67B6 /* 04.png */; };
		E27AD61721E6EAD100CD67B6 /* 10.png in Resources */ = {isa = PBXBuildFile; fileRef = E27AD5ED21E6EAD100CD67B6 /* 10.png */; };
		E27AD61821E6EAD100CD67B6 /* 38.png in Resources */ = {isa = PBXBuildFile; fileRef = E27AD5EE21E6EAD100CD67B6 /* 38.png */; };
		E27AD61921E6EAD100CD67B6 /* 35.png in Resources */ = {isa = PBXBuildFile; fileRef = E27AD5EF21E6EAD100CD67B6 /* 35.png */; };
		E27AD61A21E6EAD100CD67B6 /* 21.png in Resources */ = {isa = PBXBuildFile; fileRef = E27AD5F021E6EAD100CD67B6 /* 21.png */; };
		E27AD61B21E6EAD100CD67B6 /* 09.png in Resources */ = {isa = PBXBuildFile; fileRef = E27AD5F121E6EAD100CD67B6 /* 09.png */; };
		E27AD61C21E6EAD100CD67B6 /* 08.png in Resources */ = {isa = PBXBuildFile; fileRef = E27AD5F221E6EAD100CD67B6 /* 08.png */; };
		E27AD61D21E6EAD100CD67B6 /* 20.png in Resources */ = {isa = PBXBuildFile; fileRef = E27AD5F321E6EAD100CD67B6 /* 20.png */; };
		E27AD61E21E6EAD100CD67B6 /* 34.png in Resources */ = {isa = PBXBuildFile; fileRef = E27AD5F421E6EAD100CD67B6 /* 34.png */; };
		E27AD61F21E6EAD100CD67B6 /* 22.png in Resources */ = {isa = PBXBuildFile; fileRef = E27AD5F521E6EAD100CD67B6 /* 22.png */; };
		E27AD62021E6EAD100CD67B6 /* 36.png in Resources */ = {isa = PBXBuildFile; fileRef = E27AD5F621E6EAD100CD67B6 /* 36.png */; };
		E27AD62121E6EAD100CD67B6 /* 37.png in Resources */ = {isa = PBXBuildFile; fileRef = E27AD5F721E6EAD100CD67B6 /* 37.png */; };
		E27AD62221E6EAD100CD67B6 /* 23.png in Resources */ = {isa = PBXBuildFile; fileRef = E27AD5F821E6EAD100CD67B6 /* 23.png */; };
		E27AD62321E6EAD100CD67B6 /* 27.png in Resources */ = {isa = PBXBuildFile; fileRef = E27AD5F921E6EAD100CD67B6 /* 27.png */; };
		E27AD62421E6EAD100CD67B6 /* 33.png in Resources */ = {isa = PBXBuildFile; fileRef = E27AD5FA21E6EAD100CD67B6 /* 33.png */; };
		E27AD62521E6EAD100CD67B6 /* 32.png in Resources */ = {isa = PBXBuildFile; fileRef = E27AD5FB21E6EAD100CD67B6 /* 32.png */; };
		E27AD62621E6EAD100CD67B6 /* 26.png in Resources */ = {isa = PBXBuildFile; fileRef = E27AD5FC21E6EAD100CD67B6 /* 26.png */; };
		E27AD62721E6EAD100CD67B6 /* 18.png in Resources */ = {isa = PBXBuildFile; fileRef = E27AD5FD21E6EAD100CD67B6 /* 18.png */; };
		E27AD62821E6EAD100CD67B6 /* 30.png in Resources */ = {isa = PBXBuildFile; fileRef = E27AD5FE21E6EAD100CD67B6 /* 30.png */; };
		E27AD62921E6EAD100CD67B6 /* 24.png in Resources */ = {isa = PBXBuildFile; fileRef = E27AD5FF21E6EAD100CD67B6 /* 24.png */; };
		E27AD62A21E6EAD100CD67B6 /* 25.png in Resources */ = {isa = PBXBuildFile; fileRef = E27AD60021E6EAD100CD67B6 /* 25.png */; };
		E27AD62B21E6EAD100CD67B6 /* 31.png in Resources */ = {isa = PBXBuildFile; fileRef = E27AD60121E6EAD100CD67B6 /* 31.png */; };
		E27AD62C21E6EAD100CD67B6 /* 19.png in Resources */ = {isa = PBXBuildFile; fileRef = E27AD60221E6EAD100CD67B6 /* 19.png */; };
		E27AD62D21E6EAD100CD67B6 /* 42.png in Resources */ = {isa = PBXBuildFile; fileRef = E27AD60321E6EAD100CD67B6 /* 42.png */; };
		E27AD62E21E6EAD100CD67B6 /* 41.png in Resources */ = {isa = PBXBuildFile; fileRef = E27AD60421E6EAD100CD67B6 /* 41.png */; };
		E27AD62F21E6EAD100CD67B6 /* 40.png in Resources */ = {isa = PBXBuildFile; fileRef = E27AD60521E6EAD100CD67B6 /* 40.png */; };
		E27AD63221E6F09700CD67B6 /* TwyStructs.swift in Sources */ = {isa = PBXBuildFile; fileRef = E27AD63121E6F09700CD67B6 /* TwyStructs.swift */; };
		E27AD63821E6F95700CD67B6 /* JUtils.swift in Sources */ = {isa = PBXBuildFile; fileRef = E27AD63421E6F95700CD67B6 /* JUtils.swift */; };
		E27AD63921E6F95700CD67B6 /* SegueFromRightToLeft.swift in Sources */ = {isa = PBXBuildFile; fileRef = E27AD63621E6F95700CD67B6 /* SegueFromRightToLeft.swift */; };
		E27AD63A21E6F95700CD67B6 /* SegueUnwindToRight.swift in Sources */ = {isa = PBXBuildFile; fileRef = E27AD63721E6F95700CD67B6 /* SegueUnwindToRight.swift */; };
		E27AD63C21E71BF400CD67B6 /* KmaApiForecastSpace3hoursModel.swift in Sources */ = {isa = PBXBuildFile; fileRef = E27AD63B21E71BF400CD67B6 /* KmaApiForecastSpace3hoursModel.swift */; };
		E27AD63E21E71C3B00CD67B6 /* KmaApiForecastSpace3hours.swift in Sources */ = {isa = PBXBuildFile; fileRef = E27AD63D21E71C3B00CD67B6 /* KmaApiForecastSpace3hours.swift */; };
		E29552B321E998470097480E /* KmaHourlyModel.swift in Sources */ = {isa = PBXBuildFile; fileRef = E29552B221E998470097480E /* KmaHourlyModel.swift */; };
		E29552B521E9A1550097480E /* Settings.swift in Sources */ = {isa = PBXBuildFile; fileRef = E29552B421E9A1550097480E /* Settings.swift */; };
		E29552B821E9AAEA0097480E /* CollectionViewCellShort.swift in Sources */ = {isa = PBXBuildFile; fileRef = E29552B721E9AAEA0097480E /* CollectionViewCellShort.swift */; };
		E2EF048A21DF1E9A005C00EB /* FronteerKr.swift in Sources */ = {isa = PBXBuildFile; fileRef = E2EF048921DF1E9A005C00EB /* FronteerKr.swift */; };
		E2EF048D21DF2124005C00EB /* GridModel.swift in Sources */ = {isa = PBXBuildFile; fileRef = E2EF048C21DF2124005C00EB /* GridModel.swift */; };
		E2EF049421DF2562005C00EB /* KakaoApiService.swift in Sources */ = {isa = PBXBuildFile; fileRef = E2EF049321DF2562005C00EB /* KakaoApiService.swift */; };
		E2EF049821DF265A005C00EB /* ServiceConfig.swift in Sources */ = {isa = PBXBuildFile; fileRef = E2EF049721DF265A005C00EB /* ServiceConfig.swift */; };
		E2EF049A21E090A8005C00EB /* GridManager.swift in Sources */ = {isa = PBXBuildFile; fileRef = E2EF049921E090A8005C00EB /* GridManager.swift */; };
		E2EF04A821E30C4E005C00EB /* KmaUtils.swift in Sources */ = {isa = PBXBuildFile; fileRef = E2EF04A721E30C4E005C00EB /* KmaUtils.swift */; };
		E2EF04AA21E310EA005C00EB /* KmaApiForecastTimeVeryShort.swift in Sources */ = {isa = PBXBuildFile; fileRef = E2EF04A921E310EA005C00EB /* KmaApiForecastTimeVeryShort.swift */; };
/* End PBXBuildFile section */

/* Begin PBXFileReference section */
		E220997021EB18B100CDE9EA /* KmaApiMidBase.swift */ = {isa = PBXFileReference; lastKnownFileType = sourcecode.swift; path = KmaApiMidBase.swift; sourceTree = "<group>"; };
		E220997221EB1BC100CDE9EA /* KmaApiMidTemperature.swift */ = {isa = PBXFileReference; lastKnownFileType = sourcecode.swift; path = KmaApiMidTemperature.swift; sourceTree = "<group>"; };
		E220997421F2B7FC00CDE9EA /* KmaApiMidTemperatureRegion.swift */ = {isa = PBXFileReference; lastKnownFileType = sourcecode.swift; path = KmaApiMidTemperatureRegion.swift; sourceTree = "<group>"; };
		E220997621F2DACD00CDE9EA /* ForecastMidListModel.swift */ = {isa = PBXFileReference; lastKnownFileType = sourcecode.swift; path = ForecastMidListModel.swift; sourceTree = "<group>"; };
		E220997821F2DAE400CDE9EA /* DailyModel.swift */ = {isa = PBXFileReference; lastKnownFileType = sourcecode.swift; path = DailyModel.swift; sourceTree = "<group>"; };
		E220997A21F30DA800CDE9EA /* KmaApiMidModel.swift */ = {isa = PBXFileReference; lastKnownFileType = sourcecode.swift; path = KmaApiMidModel.swift; sourceTree = "<group>"; };
		E220997C21F30DEA00CDE9EA /* KmaDailyModel.swift */ = {isa = PBXFileReference; lastKnownFileType = sourcecode.swift; path = KmaDailyModel.swift; sourceTree = "<group>"; };
		E220997E21F316F200CDE9EA /* ApiBase.swift */ = {isa = PBXFileReference; lastKnownFileType = sourcecode.swift; path = ApiBase.swift; sourceTree = "<group>"; };
		E26C5F4021DF03B00061FF86 /* Twy222.app */ = {isa = PBXFileReference; explicitFileType = wrapper.application; includeInIndex = 0; path = Twy222.app; sourceTree = BUILT_PRODUCTS_DIR; };
		E26C5F4321DF03B00061FF86 /* AppDelegate.swift */ = {isa = PBXFileReference; lastKnownFileType = sourcecode.swift; path = AppDelegate.swift; sourceTree = "<group>"; };
		E26C5F4521DF03B00061FF86 /* ViewController.swift */ = {isa = PBXFileReference; lastKnownFileType = sourcecode.swift; path = ViewController.swift; sourceTree = "<group>"; };
		E26C5F4821DF03B00061FF86 /* Base */ = {isa = PBXFileReference; lastKnownFileType = file.storyboard; name = Base; path = Base.lproj/Main.storyboard; sourceTree = "<group>"; };
		E26C5F4B21DF03B00061FF86 /* Twy222.xcdatamodel */ = {isa = PBXFileReference; lastKnownFileType = wrapper.xcdatamodel; path = Twy222.xcdatamodel; sourceTree = "<group>"; };
		E26C5F4D21DF03B10061FF86 /* Assets.xcassets */ = {isa = PBXFileReference; lastKnownFileType = folder.assetcatalog; path = Assets.xcassets; sourceTree = "<group>"; };
		E26C5F5021DF03B20061FF86 /* Base */ = {isa = PBXFileReference; lastKnownFileType = file.storyboard; name = Base; path = Base.lproj/LaunchScreen.storyboard; sourceTree = "<group>"; };
		E26C5F5221DF03B20061FF86 /* Info.plist */ = {isa = PBXFileReference; lastKnownFileType = text.plist.xml; path = Info.plist; sourceTree = "<group>"; };
		E27AD5BA21E342E900CD67B6 /* TwyUtils.swift */ = {isa = PBXFileReference; lastKnownFileType = sourcecode.swift; path = TwyUtils.swift; sourceTree = "<group>"; };
		E27AD5C221E5A2C100CD67B6 /* KmaApiActualModel.swift */ = {isa = PBXFileReference; lastKnownFileType = sourcecode.swift; path = KmaApiActualModel.swift; sourceTree = "<group>"; };
		E27AD5C421E5A35000CD67B6 /* KmaApiActual.swift */ = {isa = PBXFileReference; lastKnownFileType = sourcecode.swift; path = KmaApiActual.swift; sourceTree = "<group>"; };
		E27AD5C621E5A5E500CD67B6 /* KmaApiShortBase.swift */ = {isa = PBXFileReference; lastKnownFileType = sourcecode.swift; path = KmaApiShortBase.swift; sourceTree = "<group>"; };
		E27AD5C821E5AAD400CD67B6 /* KmaApiManager.swift */ = {isa = PBXFileReference; lastKnownFileType = sourcecode.swift; path = KmaApiManager.swift; sourceTree = "<group>"; };
		E27AD5CA21E5B40900CD67B6 /* NowModel.swift */ = {isa = PBXFileReference; lastKnownFileType = sourcecode.swift; path = NowModel.swift; sourceTree = "<group>"; };
		E27AD5CC21E5B92B00CD67B6 /* ForecastHourListModel.swift */ = {isa = PBXFileReference; lastKnownFileType = sourcecode.swift; path = ForecastHourListModel.swift; sourceTree = "<group>"; };
		E27AD5CE21E5B94900CD67B6 /* HourlyModel.swift */ = {isa = PBXFileReference; lastKnownFileType = sourcecode.swift; path = HourlyModel.swift; sourceTree = "<group>"; };
		E27AD5D021E5F1AD00CD67B6 /* KmaApiForecastTimeVeryShortModel.swift */ = {isa = PBXFileReference; lastKnownFileType = sourcecode.swift; path = KmaApiForecastTimeVeryShortModel.swift; sourceTree = "<group>"; };
		E27AD5D321E6035100CD67B6 /* KmaStructs.swift */ = {isa = PBXFileReference; lastKnownFileType = sourcecode.swift; path = KmaStructs.swift; sourceTree = "<group>"; };
		E27AD5D521E6039E00CD67B6 /* KmaEnums.swift */ = {isa = PBXFileReference; lastKnownFileType = sourcecode.swift; path = KmaEnums.swift; sourceTree = "<group>"; };
		E27AD5D921E6710900CD67B6 /* NanumGothic.ttf */ = {isa = PBXFileReference; lastKnownFileType = file; path = NanumGothic.ttf; sourceTree = "<group>"; };
		E27AD5DC21E6EAD100CD67B6 /* 14.png */ = {isa = PBXFileReference; lastKnownFileType = image.png; path = 14.png; sourceTree = "<group>"; };
		E27AD5DD21E6EAD100CD67B6 /* 28.png */ = {isa = PBXFileReference; lastKnownFileType = image.png; path = 28.png; sourceTree = "<group>"; };
		E27AD5DE21E6EAD100CD67B6 /* 29.png */ = {isa = PBXFileReference; lastKnownFileType = image.png; path = 29.png; sourceTree = "<group>"; };
		E27AD5DF21E6EAD100CD67B6 /* 01.png */ = {isa = PBXFileReference; lastKnownFileType = image.png; path = 01.png; sourceTree = "<group>"; };
		E27AD5E021E6EAD100CD67B6 /* 15.png */ = {isa = PBXFileReference; lastKnownFileType = image.png; path = 15.png; sourceTree = "<group>"; };
		E27AD5E121E6EAD100CD67B6 /* 03.png */ = {isa = PBXFileReference; lastKnownFileType = image.png; path = 03.png; sourceTree = "<group>"; };
		E27AD5E221E6EAD100CD67B6 /* 17.png */ = {isa = PBXFileReference; lastKnownFileType = image.png; path = 17.png; sourceTree = "<group>"; };
		E27AD5E321E6EAD100CD67B6 /* 16.png */ = {isa = PBXFileReference; lastKnownFileType = image.png; path = 16.png; sourceTree = "<group>"; };
		E27AD5E421E6EAD100CD67B6 /* 02.png */ = {isa = PBXFileReference; lastKnownFileType = image.png; path = 02.png; sourceTree = "<group>"; };
		E27AD5E521E6EAD100CD67B6 /* 06.png */ = {isa = PBXFileReference; lastKnownFileType = image.png; path = 06.png; sourceTree = "<group>"; };
		E27AD5E621E6EAD100CD67B6 /* 12.png */ = {isa = PBXFileReference; lastKnownFileType = image.png; path = 12.png; sourceTree = "<group>"; };
		E27AD5E721E6EAD100CD67B6 /* 13.png */ = {isa = PBXFileReference; lastKnownFileType = image.png; path = 13.png; sourceTree = "<group>"; };
		E27AD5E821E6EAD100CD67B6 /* 07.png */ = {isa = PBXFileReference; lastKnownFileType = image.png; path = 07.png; sourceTree = "<group>"; };
		E27AD5E921E6EAD100CD67B6 /* 39.png */ = {isa = PBXFileReference; lastKnownFileType = image.png; path = 39.png; sourceTree = "<group>"; };
		E27AD5EA21E6EAD100CD67B6 /* 11.png */ = {isa = PBXFileReference; lastKnownFileType = image.png; path = 11.png; sourceTree = "<group>"; };
		E27AD5EB21E6EAD100CD67B6 /* 05.png */ = {isa = PBXFileReference; lastKnownFileType = image.png; path = 05.png; sourceTree = "<group>"; };
		E27AD5EC21E6EAD100CD67B6 /* 04.png */ = {isa = PBXFileReference; lastKnownFileType = image.png; path = 04.png; sourceTree = "<group>"; };
		E27AD5ED21E6EAD100CD67B6 /* 10.png */ = {isa = PBXFileReference; lastKnownFileType = image.png; path = 10.png; sourceTree = "<group>"; };
		E27AD5EE21E6EAD100CD67B6 /* 38.png */ = {isa = PBXFileReference; lastKnownFileType = image.png; path = 38.png; sourceTree = "<group>"; };
		E27AD5EF21E6EAD100CD67B6 /* 35.png */ = {isa = PBXFileReference; lastKnownFileType = image.png; path = 35.png; sourceTree = "<group>"; };
		E27AD5F021E6EAD100CD67B6 /* 21.png */ = {isa = PBXFileReference; lastKnownFileType = image.png; path = 21.png; sourceTree = "<group>"; };
		E27AD5F121E6EAD100CD67B6 /* 09.png */ = {isa = PBXFileReference; lastKnownFileType = image.png; path = 09.png; sourceTree = "<group>"; };
		E27AD5F221E6EAD100CD67B6 /* 08.png */ = {isa = PBXFileReference; lastKnownFileType = image.png; path = 08.png; sourceTree = "<group>"; };
		E27AD5F321E6EAD100CD67B6 /* 20.png */ = {isa = PBXFileReference; lastKnownFileType = image.png; path = 20.png; sourceTree = "<group>"; };
		E27AD5F421E6EAD100CD67B6 /* 34.png */ = {isa = PBXFileReference; lastKnownFileType = image.png; path = 34.png; sourceTree = "<group>"; };
		E27AD5F521E6EAD100CD67B6 /* 22.png */ = {isa = PBXFileReference; lastKnownFileType = image.png; path = 22.png; sourceTree = "<group>"; };
		E27AD5F621E6EAD100CD67B6 /* 36.png */ = {isa = PBXFileReference; lastKnownFileType = image.png; path = 36.png; sourceTree = "<group>"; };
		E27AD5F721E6EAD100CD67B6 /* 37.png */ = {isa = PBXFileReference; lastKnownFileType = image.png; path = 37.png; sourceTree = "<group>"; };
		E27AD5F821E6EAD100CD67B6 /* 23.png */ = {isa = PBXFileReference; lastKnownFileType = image.png; path = 23.png; sourceTree = "<group>"; };
		E27AD5F921E6EAD100CD67B6 /* 27.png */ = {isa = PBXFileReference; lastKnownFileType = image.png; path = 27.png; sourceTree = "<group>"; };
		E27AD5FA21E6EAD100CD67B6 /* 33.png */ = {isa = PBXFileReference; lastKnownFileType = image.png; path = 33.png; sourceTree = "<group>"; };
		E27AD5FB21E6EAD100CD67B6 /* 32.png */ = {isa = PBXFileReference; lastKnownFileType = image.png; path = 32.png; sourceTree = "<group>"; };
		E27AD5FC21E6EAD100CD67B6 /* 26.png */ = {isa = PBXFileReference; lastKnownFileType = image.png; path = 26.png; sourceTree = "<group>"; };
		E27AD5FD21E6EAD100CD67B6 /* 18.png */ = {isa = PBXFileReference; lastKnownFileType = image.png; path = 18.png; sourceTree = "<group>"; };
		E27AD5FE21E6EAD100CD67B6 /* 30.png */ = {isa = PBXFileReference; lastKnownFileType = image.png; path = 30.png; sourceTree = "<group>"; };
		E27AD5FF21E6EAD100CD67B6 /* 24.png */ = {isa = PBXFileReference; lastKnownFileType = image.png; path = 24.png; sourceTree = "<group>"; };
		E27AD60021E6EAD100CD67B6 /* 25.png */ = {isa = PBXFileReference; lastKnownFileType = image.png; path = 25.png; sourceTree = "<group>"; };
		E27AD60121E6EAD100CD67B6 /* 31.png */ = {isa = PBXFileReference; lastKnownFileType = image.png; path = 31.png; sourceTree = "<group>"; };
		E27AD60221E6EAD100CD67B6 /* 19.png */ = {isa = PBXFileReference; lastKnownFileType = image.png; path = 19.png; sourceTree = "<group>"; };
		E27AD60321E6EAD100CD67B6 /* 42.png */ = {isa = PBXFileReference; lastKnownFileType = image.png; path = 42.png; sourceTree = "<group>"; };
		E27AD60421E6EAD100CD67B6 /* 41.png */ = {isa = PBXFileReference; lastKnownFileType = image.png; path = 41.png; sourceTree = "<group>"; };
		E27AD60521E6EAD100CD67B6 /* 40.png */ = {isa = PBXFileReference; lastKnownFileType = image.png; path = 40.png; sourceTree = "<group>"; };
		E27AD63121E6F09700CD67B6 /* TwyStructs.swift */ = {isa = PBXFileReference; lastKnownFileType = sourcecode.swift; path = TwyStructs.swift; sourceTree = "<group>"; };
		E27AD63421E6F95700CD67B6 /* JUtils.swift */ = {isa = PBXFileReference; fileEncoding = 4; lastKnownFileType = sourcecode.swift; path = JUtils.swift; sourceTree = "<group>"; };
		E27AD63621E6F95700CD67B6 /* SegueFromRightToLeft.swift */ = {isa = PBXFileReference; fileEncoding = 4; lastKnownFileType = sourcecode.swift; path = SegueFromRightToLeft.swift; sourceTree = "<group>"; };
		E27AD63721E6F95700CD67B6 /* SegueUnwindToRight.swift */ = {isa = PBXFileReference; fileEncoding = 4; lastKnownFileType = sourcecode.swift; path = SegueUnwindToRight.swift; sourceTree = "<group>"; };
		E27AD63B21E71BF400CD67B6 /* KmaApiForecastSpace3hoursModel.swift */ = {isa = PBXFileReference; lastKnownFileType = sourcecode.swift; path = KmaApiForecastSpace3hoursModel.swift; sourceTree = "<group>"; };
		E27AD63D21E71C3B00CD67B6 /* KmaApiForecastSpace3hours.swift */ = {isa = PBXFileReference; lastKnownFileType = sourcecode.swift; path = KmaApiForecastSpace3hours.swift; sourceTree = "<group>"; };
		E29552B221E998470097480E /* KmaHourlyModel.swift */ = {isa = PBXFileReference; lastKnownFileType = sourcecode.swift; path = KmaHourlyModel.swift; sourceTree = "<group>"; };
		E29552B421E9A1550097480E /* Settings.swift */ = {isa = PBXFileReference; lastKnownFileType = sourcecode.swift; path = Settings.swift; sourceTree = "<group>"; };
		E29552B721E9AAEA0097480E /* CollectionViewCellShort.swift */ = {isa = PBXFileReference; lastKnownFileType = sourcecode.swift; path = CollectionViewCellShort.swift; sourceTree = "<group>"; };
		E2EF048921DF1E9A005C00EB /* FronteerKr.swift */ = {isa = PBXFileReference; fileEncoding = 4; lastKnownFileType = sourcecode.swift; path = FronteerKr.swift; sourceTree = "<group>"; };
		E2EF048C21DF2124005C00EB /* GridModel.swift */ = {isa = PBXFileReference; lastKnownFileType = sourcecode.swift; path = GridModel.swift; sourceTree = "<group>"; };
		E2EF049321DF2562005C00EB /* KakaoApiService.swift */ = {isa = PBXFileReference; lastKnownFileType = sourcecode.swift; path = KakaoApiService.swift; sourceTree = "<group>"; };
		E2EF049721DF265A005C00EB /* ServiceConfig.swift */ = {isa = PBXFileReference; lastKnownFileType = sourcecode.swift; path = ServiceConfig.swift; sourceTree = "<group>"; };
		E2EF049921E090A8005C00EB /* GridManager.swift */ = {isa = PBXFileReference; lastKnownFileType = sourcecode.swift; path = GridManager.swift; sourceTree = "<group>"; };
		E2EF04A721E30C4E005C00EB /* KmaUtils.swift */ = {isa = PBXFileReference; lastKnownFileType = sourcecode.swift; path = KmaUtils.swift; sourceTree = "<group>"; };
		E2EF04A921E310EA005C00EB /* KmaApiForecastTimeVeryShort.swift */ = {isa = PBXFileReference; lastKnownFileType = sourcecode.swift; path = KmaApiForecastTimeVeryShort.swift; sourceTree = "<group>"; };
/* End PBXFileReference section */

/* Begin PBXFrameworksBuildPhase section */
		E26C5F3D21DF03B00061FF86 /* Frameworks */ = {
			isa = PBXFrameworksBuildPhase;
			buildActionMask = 2147483647;
			files = (
			);
			runOnlyForDeploymentPostprocessing = 0;
		};
/* End PBXFrameworksBuildPhase section */

/* Begin PBXGroup section */
		E220996C21EB177A00CDE9EA /* Short */ = {
			isa = PBXGroup;
			children = (
				E27AD5C121E5A29D00CD67B6 /* Models */,
				E27AD63F21E71C4F00CD67B6 /* Api */,
			);
			path = Short;
			sourceTree = "<group>";
		};
		E220996D21EB17D700CDE9EA /* Mid */ = {
			isa = PBXGroup;
			children = (
				E220996F21EB17E800CDE9EA /* Models */,
				E220996E21EB17E100CDE9EA /* Api */,
				E220997421F2B7FC00CDE9EA /* KmaApiMidTemperatureRegion.swift */,
			);
			path = Mid;
			sourceTree = "<group>";
		};
		E220996E21EB17E100CDE9EA /* Api */ = {
			isa = PBXGroup;
			children = (
				E220997021EB18B100CDE9EA /* KmaApiMidBase.swift */,
				E220997221EB1BC100CDE9EA /* KmaApiMidTemperature.swift */,
			);
			path = Api;
			sourceTree = "<group>";
		};
		E220996F21EB17E800CDE9EA /* Models */ = {
			isa = PBXGroup;
			children = (
				E220997A21F30DA800CDE9EA /* KmaApiMidModel.swift */,
				E220997C21F30DEA00CDE9EA /* KmaDailyModel.swift */,
			);
			path = Models;
			sourceTree = "<group>";
		};
		E26C5F3721DF03B00061FF86 = {
			isa = PBXGroup;
			children = (
				E26C5F4221DF03B00061FF86 /* Twy222 */,
				E26C5F4121DF03B00061FF86 /* Products */,
			);
			sourceTree = "<group>";
		};
		E26C5F4121DF03B00061FF86 /* Products */ = {
			isa = PBXGroup;
			children = (
				E26C5F4021DF03B00061FF86 /* Twy222.app */,
			);
			name = Products;
			sourceTree = "<group>";
		};
		E26C5F4221DF03B00061FF86 /* Twy222 */ = {
			isa = PBXGroup;
			children = (
				E29552B621E9AAA40097480E /* Views */,
				E27AD63321E6F95700CD67B6 /* Justinaus */,
				E27AD5D721E6709800CD67B6 /* Resources */,
				E2EF049121DF2518005C00EB /* Services */,
				E2EF048B21DF1F71005C00EB /* Models */,
				E26C5F4321DF03B00061FF86 /* AppDelegate.swift */,
				E26C5F4521DF03B00061FF86 /* ViewController.swift */,
				E26C5F4721DF03B00061FF86 /* Main.storyboard */,
				E26C5F4D21DF03B10061FF86 /* Assets.xcassets */,
				E26C5F4F21DF03B20061FF86 /* LaunchScreen.storyboard */,
				E2EF048821DF1E9A005C00EB /* FronteerKr */,
				E26C5F5221DF03B20061FF86 /* Info.plist */,
				E26C5F4A21DF03B00061FF86 /* Twy222.xcdatamodeld */,
				E2EF049921E090A8005C00EB /* GridManager.swift */,
				E27AD5BA21E342E900CD67B6 /* TwyUtils.swift */,
				E27AD63121E6F09700CD67B6 /* TwyStructs.swift */,
				E29552B421E9A1550097480E /* Settings.swift */,
			);
			path = Twy222;
			sourceTree = "<group>";
		};
		E27AD5C121E5A29D00CD67B6 /* Models */ = {
			isa = PBXGroup;
			children = (
				E27AD5C221E5A2C100CD67B6 /* KmaApiActualModel.swift */,
				E27AD5D021E5F1AD00CD67B6 /* KmaApiForecastTimeVeryShortModel.swift */,
				E27AD63B21E71BF400CD67B6 /* KmaApiForecastSpace3hoursModel.swift */,
				E29552B221E998470097480E /* KmaHourlyModel.swift */,
			);
			path = Models;
			sourceTree = "<group>";
		};
		E27AD5D721E6709800CD67B6 /* Resources */ = {
			isa = PBXGroup;
			children = (
				E27AD5DB21E6EAD100CD67B6 /* weather_icons */,
				E27AD5D821E670B000CD67B6 /* Fonts */,
			);
			path = Resources;
			sourceTree = "<group>";
		};
		E27AD5D821E670B000CD67B6 /* Fonts */ = {
			isa = PBXGroup;
			children = (
				E27AD5D921E6710900CD67B6 /* NanumGothic.ttf */,
			);
			path = Fonts;
			sourceTree = "<group>";
		};
		E27AD5DB21E6EAD100CD67B6 /* weather_icons */ = {
			isa = PBXGroup;
			children = (
				E27AD5DC21E6EAD100CD67B6 /* 14.png */,
				E27AD5DD21E6EAD100CD67B6 /* 28.png */,
				E27AD5DE21E6EAD100CD67B6 /* 29.png */,
				E27AD5DF21E6EAD100CD67B6 /* 01.png */,
				E27AD5E021E6EAD100CD67B6 /* 15.png */,
				E27AD5E121E6EAD100CD67B6 /* 03.png */,
				E27AD5E221E6EAD100CD67B6 /* 17.png */,
				E27AD5E321E6EAD100CD67B6 /* 16.png */,
				E27AD5E421E6EAD100CD67B6 /* 02.png */,
				E27AD5E521E6EAD100CD67B6 /* 06.png */,
				E27AD5E621E6EAD100CD67B6 /* 12.png */,
				E27AD5E721E6EAD100CD67B6 /* 13.png */,
				E27AD5E821E6EAD100CD67B6 /* 07.png */,
				E27AD5E921E6EAD100CD67B6 /* 39.png */,
				E27AD5EA21E6EAD100CD67B6 /* 11.png */,
				E27AD5EB21E6EAD100CD67B6 /* 05.png */,
				E27AD5EC21E6EAD100CD67B6 /* 04.png */,
				E27AD5ED21E6EAD100CD67B6 /* 10.png */,
				E27AD5EE21E6EAD100CD67B6 /* 38.png */,
				E27AD5EF21E6EAD100CD67B6 /* 35.png */,
				E27AD5F021E6EAD100CD67B6 /* 21.png */,
				E27AD5F121E6EAD100CD67B6 /* 09.png */,
				E27AD5F221E6EAD100CD67B6 /* 08.png */,
				E27AD5F321E6EAD100CD67B6 /* 20.png */,
				E27AD5F421E6EAD100CD67B6 /* 34.png */,
				E27AD5F521E6EAD100CD67B6 /* 22.png */,
				E27AD5F621E6EAD100CD67B6 /* 36.png */,
				E27AD5F721E6EAD100CD67B6 /* 37.png */,
				E27AD5F821E6EAD100CD67B6 /* 23.png */,
				E27AD5F921E6EAD100CD67B6 /* 27.png */,
				E27AD5FA21E6EAD100CD67B6 /* 33.png */,
				E27AD5FB21E6EAD100CD67B6 /* 32.png */,
				E27AD5FC21E6EAD100CD67B6 /* 26.png */,
				E27AD5FD21E6EAD100CD67B6 /* 18.png */,
				E27AD5FE21E6EAD100CD67B6 /* 30.png */,
				E27AD5FF21E6EAD100CD67B6 /* 24.png */,
				E27AD60021E6EAD100CD67B6 /* 25.png */,
				E27AD60121E6EAD100CD67B6 /* 31.png */,
				E27AD60221E6EAD100CD67B6 /* 19.png */,
				E27AD60321E6EAD100CD67B6 /* 42.png */,
				E27AD60421E6EAD100CD67B6 /* 41.png */,
				E27AD60521E6EAD100CD67B6 /* 40.png */,
			);
			path = weather_icons;
			sourceTree = "<group>";
		};
		E27AD63321E6F95700CD67B6 /* Justinaus */ = {
			isa = PBXGroup;
			children = (
				E27AD63421E6F95700CD67B6 /* JUtils.swift */,
				E27AD63521E6F95700CD67B6 /* Segues */,
			);
			path = Justinaus;
			sourceTree = "<group>";
		};
		E27AD63521E6F95700CD67B6 /* Segues */ = {
			isa = PBXGroup;
			children = (
				E27AD63621E6F95700CD67B6 /* SegueFromRightToLeft.swift */,
				E27AD63721E6F95700CD67B6 /* SegueUnwindToRight.swift */,
			);
			path = Segues;
			sourceTree = "<group>";
		};
		E27AD63F21E71C4F00CD67B6 /* Api */ = {
			isa = PBXGroup;
			children = (
				E2EF04A921E310EA005C00EB /* KmaApiForecastTimeVeryShort.swift */,
				E27AD63D21E71C3B00CD67B6 /* KmaApiForecastSpace3hours.swift */,
				E27AD5C421E5A35000CD67B6 /* KmaApiActual.swift */,
				E27AD5C621E5A5E500CD67B6 /* KmaApiShortBase.swift */,
			);
			path = Api;
			sourceTree = "<group>";
		};
		E29552B621E9AAA40097480E /* Views */ = {
			isa = PBXGroup;
			children = (
				E29552B721E9AAEA0097480E /* CollectionViewCellShort.swift */,
			);
			path = Views;
			sourceTree = "<group>";
		};
		E2EF048821DF1E9A005C00EB /* FronteerKr */ = {
			isa = PBXGroup;
			children = (
				E2EF048921DF1E9A005C00EB /* FronteerKr.swift */,
			);
			path = FronteerKr;
			sourceTree = "<group>";
		};
		E2EF048B21DF1F71005C00EB /* Models */ = {
			isa = PBXGroup;
			children = (
				E2EF048C21DF2124005C00EB /* GridModel.swift */,
				E27AD5CA21E5B40900CD67B6 /* NowModel.swift */,
				E27AD5CC21E5B92B00CD67B6 /* ForecastHourListModel.swift */,
				E27AD5CE21E5B94900CD67B6 /* HourlyModel.swift */,
				E220997621F2DACD00CDE9EA /* ForecastMidListModel.swift */,
				E220997821F2DAE400CDE9EA /* DailyModel.swift */,
			);
			path = Models;
			sourceTree = "<group>";
		};
		E2EF049121DF2518005C00EB /* Services */ = {
			isa = PBXGroup;
			children = (
				E2EF04A221E2F547005C00EB /* Kakao */,
				E2EF04A121E2F368005C00EB /* Kma */,
				E2EF049721DF265A005C00EB /* ServiceConfig.swift */,
				E220997E21F316F200CDE9EA /* ApiBase.swift */,
			);
			path = Services;
			sourceTree = "<group>";
		};
		E2EF04A121E2F368005C00EB /* Kma */ = {
			isa = PBXGroup;
			children = (
				E220996D21EB17D700CDE9EA /* Mid */,
				E220996C21EB177A00CDE9EA /* Short */,
				E27AD5D321E6035100CD67B6 /* KmaStructs.swift */,
				E2EF04A721E30C4E005C00EB /* KmaUtils.swift */,
				E27AD5C821E5AAD400CD67B6 /* KmaApiManager.swift */,
				E27AD5D521E6039E00CD67B6 /* KmaEnums.swift */,
			);
			path = Kma;
			sourceTree = "<group>";
		};
		E2EF04A221E2F547005C00EB /* Kakao */ = {
			isa = PBXGroup;
			children = (
				E2EF049321DF2562005C00EB /* KakaoApiService.swift */,
			);
			path = Kakao;
			sourceTree = "<group>";
		};
/* End PBXGroup section */

/* Begin PBXNativeTarget section */
		E26C5F3F21DF03B00061FF86 /* Twy222 */ = {
			isa = PBXNativeTarget;
			buildConfigurationList = E26C5F5521DF03B20061FF86 /* Build configuration list for PBXNativeTarget "Twy222" */;
			buildPhases = (
				E26C5F3C21DF03B00061FF86 /* Sources */,
				E26C5F3D21DF03B00061FF86 /* Frameworks */,
				E26C5F3E21DF03B00061FF86 /* Resources */,
			);
			buildRules = (
			);
			dependencies = (
			);
			name = Twy222;
			productName = Twy222;
			productReference = E26C5F4021DF03B00061FF86 /* Twy222.app */;
			productType = "com.apple.product-type.application";
		};
/* End PBXNativeTarget section */

/* Begin PBXProject section */
		E26C5F3821DF03B00061FF86 /* Project object */ = {
			isa = PBXProject;
			attributes = {
				LastSwiftUpdateCheck = 1010;
				LastUpgradeCheck = 1010;
				ORGANIZATIONNAME = justinaus;
				TargetAttributes = {
					E26C5F3F21DF03B00061FF86 = {
						CreatedOnToolsVersion = 10.1;
					};
				};
			};
			buildConfigurationList = E26C5F3B21DF03B00061FF86 /* Build configuration list for PBXProject "Twy222" */;
			compatibilityVersion = "Xcode 9.3";
			developmentRegion = en;
			hasScannedForEncodings = 0;
			knownRegions = (
				en,
				Base,
			);
			mainGroup = E26C5F3721DF03B00061FF86;
			productRefGroup = E26C5F4121DF03B00061FF86 /* Products */;
			projectDirPath = "";
			projectRoot = "";
			targets = (
				E26C5F3F21DF03B00061FF86 /* Twy222 */,
			);
		};
/* End PBXProject section */

/* Begin PBXResourcesBuildPhase section */
		E26C5F3E21DF03B00061FF86 /* Resources */ = {
			isa = PBXResourcesBuildPhase;
			buildActionMask = 2147483647;
			files = (
				E27AD61B21E6EAD100CD67B6 /* 09.png in Resources */,
				E27AD61021E6EAD100CD67B6 /* 12.png in Resources */,
				E27AD62721E6EAD100CD67B6 /* 18.png in Resources */,
				E27AD62B21E6EAD100CD67B6 /* 31.png in Resources */,
				E27AD62521E6EAD100CD67B6 /* 32.png in Resources */,
				E27AD60E21E6EAD100CD67B6 /* 02.png in Resources */,
				E27AD62121E6EAD100CD67B6 /* 37.png in Resources */,
				E27AD61221E6EAD100CD67B6 /* 07.png in Resources */,
				E27AD60B21E6EAD100CD67B6 /* 03.png in Resources */,
				E27AD60A21E6EAD100CD67B6 /* 15.png in Resources */,
				E27AD62C21E6EAD100CD67B6 /* 19.png in Resources */,
				E27AD60621E6EAD100CD67B6 /* 14.png in Resources */,
				E27AD61D21E6EAD100CD67B6 /* 20.png in Resources */,
				E27AD60821E6EAD100CD67B6 /* 29.png in Resources */,
				E27AD60F21E6EAD100CD67B6 /* 06.png in Resources */,
				E27AD62821E6EAD100CD67B6 /* 30.png in Resources */,
				E27AD61421E6EAD100CD67B6 /* 11.png in Resources */,
				E27AD62921E6EAD100CD67B6 /* 24.png in Resources */,
				E27AD62021E6EAD100CD67B6 /* 36.png in Resources */,
				E27AD60C21E6EAD100CD67B6 /* 17.png in Resources */,
				E27AD62321E6EAD100CD67B6 /* 27.png in Resources */,
				E27AD61E21E6EAD100CD67B6 /* 34.png in Resources */,
				E27AD62221E6EAD100CD67B6 /* 23.png in Resources */,
				E27AD62621E6EAD100CD67B6 /* 26.png in Resources */,
				E27AD61C21E6EAD100CD67B6 /* 08.png in Resources */,
				E27AD62E21E6EAD100CD67B6 /* 41.png in Resources */,
				E27AD61521E6EAD100CD67B6 /* 05.png in Resources */,
				E27AD60921E6EAD100CD67B6 /* 01.png in Resources */,
				E27AD62D21E6EAD100CD67B6 /* 42.png in Resources */,
				E27AD61821E6EAD100CD67B6 /* 38.png in Resources */,
				E27AD60721E6EAD100CD67B6 /* 28.png in Resources */,
				E27AD5DA21E671DD00CD67B6 /* NanumGothic.ttf in Resources */,
				E27AD61721E6EAD100CD67B6 /* 10.png in Resources */,
				E27AD60D21E6EAD100CD67B6 /* 16.png in Resources */,
				E27AD62421E6EAD100CD67B6 /* 33.png in Resources */,
				E27AD61921E6EAD100CD67B6 /* 35.png in Resources */,
				E27AD62A21E6EAD100CD67B6 /* 25.png in Resources */,
				E27AD62F21E6EAD100CD67B6 /* 40.png in Resources */,
				E27AD61321E6EAD100CD67B6 /* 39.png in Resources */,
				E26C5F5121DF03B20061FF86 /* LaunchScreen.storyboard in Resources */,
				E27AD61A21E6EAD100CD67B6 /* 21.png in Resources */,
				E27AD61F21E6EAD100CD67B6 /* 22.png in Resources */,
				E27AD61121E6EAD100CD67B6 /* 13.png in Resources */,
				E27AD61621E6EAD100CD67B6 /* 04.png in Resources */,
				E26C5F4E21DF03B10061FF86 /* Assets.xcassets in Resources */,
				E26C5F4921DF03B00061FF86 /* Main.storyboard in Resources */,
			);
			runOnlyForDeploymentPostprocessing = 0;
		};
/* End PBXResourcesBuildPhase section */

/* Begin PBXSourcesBuildPhase section */
		E26C5F3C21DF03B00061FF86 /* Sources */ = {
			isa = PBXSourcesBuildPhase;
			buildActionMask = 2147483647;
			files = (
				E29552B521E9A1550097480E /* Settings.swift in Sources */,
				E2EF049421DF2562005C00EB /* KakaoApiService.swift in Sources */,
				E27AD5C321E5A2C100CD67B6 /* KmaApiActualModel.swift in Sources */,
				E2EF048D21DF2124005C00EB /* GridModel.swift in Sources */,
				E26C5F4621DF03B00061FF86 /* ViewController.swift in Sources */,
				E220997F21F316F200CDE9EA /* ApiBase.swift in Sources */,
				E29552B321E998470097480E /* KmaHourlyModel.swift in Sources */,
				E220997121EB18B100CDE9EA /* KmaApiMidBase.swift in Sources */,
				E2EF049821DF265A005C00EB /* ServiceConfig.swift in Sources */,
				E220997521F2B7FC00CDE9EA /* KmaApiMidTemperatureRegion.swift in Sources */,
				E27AD63221E6F09700CD67B6 /* TwyStructs.swift in Sources */,
				E27AD5BB21E342E900CD67B6 /* TwyUtils.swift in Sources */,
				E220997921F2DAE400CDE9EA /* DailyModel.swift in Sources */,
				E27AD5C921E5AAD400CD67B6 /* KmaApiManager.swift in Sources */,
				E27AD5D421E6035100CD67B6 /* KmaStructs.swift in Sources */,
				E27AD63E21E71C3B00CD67B6 /* KmaApiForecastSpace3hours.swift in Sources */,
				E27AD5C721E5A5E500CD67B6 /* KmaApiShortBase.swift in Sources */,
				E27AD5CF21E5B94900CD67B6 /* HourlyModel.swift in Sources */,
				E2EF048A21DF1E9A005C00EB /* FronteerKr.swift in Sources */,
				E220997321EB1BC100CDE9EA /* KmaApiMidTemperature.swift in Sources */,
				E2EF049A21E090A8005C00EB /* GridManager.swift in Sources */,
				E27AD5D121E5F1AD00CD67B6 /* KmaApiForecastTimeVeryShortModel.swift in Sources */,
				E27AD5C521E5A35000CD67B6 /* KmaApiActual.swift in Sources */,
				E27AD5CD21E5B92B00CD67B6 /* ForecastHourListModel.swift in Sources */,
				E220997D21F30DEA00CDE9EA /* KmaDailyModel.swift in Sources */,
				E27AD5CB21E5B40900CD67B6 /* NowModel.swift in Sources */,
				E220997721F2DACD00CDE9EA /* ForecastMidListModel.swift in Sources */,
				E27AD5D621E6039E00CD67B6 /* KmaEnums.swift in Sources */,
				E2EF04A821E30C4E005C00EB /* KmaUtils.swift in Sources */,
				E26C5F4C21DF03B00061FF86 /* Twy222.xcdatamodeld in Sources */,
				E27AD63A21E6F95700CD67B6 /* SegueUnwindToRight.swift in Sources */,
				E2EF04AA21E310EA005C00EB /* KmaApiForecastTimeVeryShort.swift in Sources */,
				E27AD63C21E71BF400CD67B6 /* KmaApiForecastSpace3hoursModel.swift in Sources */,
				E26C5F4421DF03B00061FF86 /* AppDelegate.swift in Sources */,
				E29552B821E9AAEA0097480E /* CollectionViewCellShort.swift in Sources */,
				E27AD63921E6F95700CD67B6 /* SegueFromRightToLeft.swift in Sources */,
				E220997B21F30DA800CDE9EA /* KmaApiMidModel.swift in Sources */,
				E27AD63821E6F95700CD67B6 /* JUtils.swift in Sources */,
			);
			runOnlyForDeploymentPostprocessing = 0;
		};
/* End PBXSourcesBuildPhase section */

/* Begin PBXVariantGroup section */
		E26C5F4721DF03B00061FF86 /* Main.storyboard */ = {
			isa = PBXVariantGroup;
			children = (
				E26C5F4821DF03B00061FF86 /* Base */,
			);
			name = Main.storyboard;
			sourceTree = "<group>";
		};
		E26C5F4F21DF03B20061FF86 /* LaunchScreen.storyboard */ = {
			isa = PBXVariantGroup;
			children = (
				E26C5F5021DF03B20061FF86 /* Base */,
			);
			name = LaunchScreen.storyboard;
			sourceTree = "<group>";
		};
/* End PBXVariantGroup section */

/* Begin XCBuildConfiguration section */
		E26C5F5321DF03B20061FF86 /* Debug */ = {
			isa = XCBuildConfiguration;
			buildSettings = {
				ALWAYS_SEARCH_USER_PATHS = NO;
				CLANG_ANALYZER_NONNULL = YES;
				CLANG_ANALYZER_NUMBER_OBJECT_CONVERSION = YES_AGGRESSIVE;
				CLANG_CXX_LANGUAGE_STANDARD = "gnu++14";
				CLANG_CXX_LIBRARY = "libc++";
				CLANG_ENABLE_MODULES = YES;
				CLANG_ENABLE_OBJC_ARC = YES;
				CLANG_ENABLE_OBJC_WEAK = YES;
				CLANG_WARN_BLOCK_CAPTURE_AUTORELEASING = YES;
				CLANG_WARN_BOOL_CONVERSION = YES;
				CLANG_WARN_COMMA = YES;
				CLANG_WARN_CONSTANT_CONVERSION = YES;
				CLANG_WARN_DEPRECATED_OBJC_IMPLEMENTATIONS = YES;
				CLANG_WARN_DIRECT_OBJC_ISA_USAGE = YES_ERROR;
				CLANG_WARN_DOCUMENTATION_COMMENTS = YES;
				CLANG_WARN_EMPTY_BODY = YES;
				CLANG_WARN_ENUM_CONVERSION = YES;
				CLANG_WARN_INFINITE_RECURSION = YES;
				CLANG_WARN_INT_CONVERSION = YES;
				CLANG_WARN_NON_LITERAL_NULL_CONVERSION = YES;
				CLANG_WARN_OBJC_IMPLICIT_RETAIN_SELF = YES;
				CLANG_WARN_OBJC_LITERAL_CONVERSION = YES;
				CLANG_WARN_OBJC_ROOT_CLASS = YES_ERROR;
				CLANG_WARN_RANGE_LOOP_ANALYSIS = YES;
				CLANG_WARN_STRICT_PROTOTYPES = YES;
				CLANG_WARN_SUSPICIOUS_MOVE = YES;
				CLANG_WARN_UNGUARDED_AVAILABILITY = YES_AGGRESSIVE;
				CLANG_WARN_UNREACHABLE_CODE = YES;
				CLANG_WARN__DUPLICATE_METHOD_MATCH = YES;
				CODE_SIGN_IDENTITY = "iPhone Developer";
				COPY_PHASE_STRIP = NO;
				DEBUG_INFORMATION_FORMAT = dwarf;
				ENABLE_STRICT_OBJC_MSGSEND = YES;
				ENABLE_TESTABILITY = YES;
				GCC_C_LANGUAGE_STANDARD = gnu11;
				GCC_DYNAMIC_NO_PIC = NO;
				GCC_NO_COMMON_BLOCKS = YES;
				GCC_OPTIMIZATION_LEVEL = 0;
				GCC_PREPROCESSOR_DEFINITIONS = (
					"DEBUG=1",
					"$(inherited)",
				);
				GCC_WARN_64_TO_32_BIT_CONVERSION = YES;
				GCC_WARN_ABOUT_RETURN_TYPE = YES_ERROR;
				GCC_WARN_UNDECLARED_SELECTOR = YES;
				GCC_WARN_UNINITIALIZED_AUTOS = YES_AGGRESSIVE;
				GCC_WARN_UNUSED_FUNCTION = YES;
				GCC_WARN_UNUSED_VARIABLE = YES;
				IPHONEOS_DEPLOYMENT_TARGET = 12.1;
				MTL_ENABLE_DEBUG_INFO = INCLUDE_SOURCE;
				MTL_FAST_MATH = YES;
				ONLY_ACTIVE_ARCH = YES;
				SDKROOT = iphoneos;
				SWIFT_ACTIVE_COMPILATION_CONDITIONS = DEBUG;
				SWIFT_OPTIMIZATION_LEVEL = "-Onone";
			};
			name = Debug;
		};
		E26C5F5421DF03B20061FF86 /* Release */ = {
			isa = XCBuildConfiguration;
			buildSettings = {
				ALWAYS_SEARCH_USER_PATHS = NO;
				CLANG_ANALYZER_NONNULL = YES;
				CLANG_ANALYZER_NUMBER_OBJECT_CONVERSION = YES_AGGRESSIVE;
				CLANG_CXX_LANGUAGE_STANDARD = "gnu++14";
				CLANG_CXX_LIBRARY = "libc++";
				CLANG_ENABLE_MODULES = YES;
				CLANG_ENABLE_OBJC_ARC = YES;
				CLANG_ENABLE_OBJC_WEAK = YES;
				CLANG_WARN_BLOCK_CAPTURE_AUTORELEASING = YES;
				CLANG_WARN_BOOL_CONVERSION = YES;
				CLANG_WARN_COMMA = YES;
				CLANG_WARN_CONSTANT_CONVERSION = YES;
				CLANG_WARN_DEPRECATED_OBJC_IMPLEMENTATIONS = YES;
				CLANG_WARN_DIRECT_OBJC_ISA_USAGE = YES_ERROR;
				CLANG_WARN_DOCUMENTATION_COMMENTS = YES;
				CLANG_WARN_EMPTY_BODY = YES;
				CLANG_WARN_ENUM_CONVERSION = YES;
				CLANG_WARN_INFINITE_RECURSION = YES;
				CLANG_WARN_INT_CONVERSION = YES;
				CLANG_WARN_NON_LITERAL_NULL_CONVERSION = YES;
				CLANG_WARN_OBJC_IMPLICIT_RETAIN_SELF = YES;
				CLANG_WARN_OBJC_LITERAL_CONVERSION = YES;
				CLANG_WARN_OBJC_ROOT_CLASS = YES_ERROR;
				CLANG_WARN_RANGE_LOOP_ANALYSIS = YES;
				CLANG_WARN_STRICT_PROTOTYPES = YES;
				CLANG_WARN_SUSPICIOUS_MOVE = YES;
				CLANG_WARN_UNGUARDED_AVAILABILITY = YES_AGGRESSIVE;
				CLANG_WARN_UNREACHABLE_CODE = YES;
				CLANG_WARN__DUPLICATE_METHOD_MATCH = YES;
				CODE_SIGN_IDENTITY = "iPhone Developer";
				COPY_PHASE_STRIP = NO;
				DEBUG_INFORMATION_FORMAT = "dwarf-with-dsym";
				ENABLE_NS_ASSERTIONS = NO;
				ENABLE_STRICT_OBJC_MSGSEND = YES;
				GCC_C_LANGUAGE_STANDARD = gnu11;
				GCC_NO_COMMON_BLOCKS = YES;
				GCC_WARN_64_TO_32_BIT_CONVERSION = YES;
				GCC_WARN_ABOUT_RETURN_TYPE = YES_ERROR;
				GCC_WARN_UNDECLARED_SELECTOR = YES;
				GCC_WARN_UNINITIALIZED_AUTOS = YES_AGGRESSIVE;
				GCC_WARN_UNUSED_FUNCTION = YES;
				GCC_WARN_UNUSED_VARIABLE = YES;
				IPHONEOS_DEPLOYMENT_TARGET = 12.1;
				MTL_ENABLE_DEBUG_INFO = NO;
				MTL_FAST_MATH = YES;
				SDKROOT = iphoneos;
				SWIFT_COMPILATION_MODE = wholemodule;
				SWIFT_OPTIMIZATION_LEVEL = "-O";
				VALIDATE_PRODUCT = YES;
			};
			name = Release;
		};
		E26C5F5621DF03B20061FF86 /* Debug */ = {
			isa = XCBuildConfiguration;
			buildSettings = {
				ASSETCATALOG_COMPILER_APPICON_NAME = AppIcon;
				CODE_SIGN_STYLE = Automatic;
				DEVELOPMENT_TEAM = 9NZC5VWKUT;
				INFOPLIST_FILE = Twy222/Info.plist;
				IPHONEOS_DEPLOYMENT_TARGET = 10.0;
				LD_RUNPATH_SEARCH_PATHS = (
					"$(inherited)",
					"@executable_path/Frameworks",
				);
				PRODUCT_BUNDLE_IDENTIFIER = com.justinaus.Twy222;
				PRODUCT_NAME = "$(TARGET_NAME)";
				SWIFT_VERSION = 4.2;
				TARGETED_DEVICE_FAMILY = 1;
			};
			name = Debug;
		};
		E26C5F5721DF03B20061FF86 /* Release */ = {
			isa = XCBuildConfiguration;
			buildSettings = {
				ASSETCATALOG_COMPILER_APPICON_NAME = AppIcon;
				CODE_SIGN_STYLE = Automatic;
				DEVELOPMENT_TEAM = 9NZC5VWKUT;
				INFOPLIST_FILE = Twy222/Info.plist;
				IPHONEOS_DEPLOYMENT_TARGET = 10.0;
				LD_RUNPATH_SEARCH_PATHS = (
					"$(inherited)",
					"@executable_path/Frameworks",
				);
				PRODUCT_BUNDLE_IDENTIFIER = com.justinaus.Twy222;
				PRODUCT_NAME = "$(TARGET_NAME)";
				SWIFT_VERSION = 4.2;
				TARGETED_DEVICE_FAMILY = 1;
			};
			name = Release;
		};
/* End XCBuildConfiguration section */

/* Begin XCConfigurationList section */
		E26C5F3B21DF03B00061FF86 /* Build configuration list for PBXProject "Twy222" */ = {
			isa = XCConfigurationList;
			buildConfigurations = (
				E26C5F5321DF03B20061FF86 /* Debug */,
				E26C5F5421DF03B20061FF86 /* Release */,
			);
			defaultConfigurationIsVisible = 0;
			defaultConfigurationName = Release;
		};
		E26C5F5521DF03B20061FF86 /* Build configuration list for PBXNativeTarget "Twy222" */ = {
			isa = XCConfigurationList;
			buildConfigurations = (
				E26C5F5621DF03B20061FF86 /* Debug */,
				E26C5F5721DF03B20061FF86 /* Release */,
			);
			defaultConfigurationIsVisible = 0;
			defaultConfigurationName = Release;
		};
/* End XCConfigurationList section */

/* Begin XCVersionGroup section */
		E26C5F4A21DF03B00061FF86 /* Twy222.xcdatamodeld */ = {
			isa = XCVersionGroup;
			children = (
				E26C5F4B21DF03B00061FF86 /* Twy222.xcdatamodel */,
			);
			currentVersion = E26C5F4B21DF03B00061FF86 /* Twy222.xcdatamodel */;
			path = Twy222.xcdatamodeld;
			sourceTree = "<group>";
			versionGroupType = wrapper.xcdatamodel;
		};
/* End XCVersionGroup section */
	};
	rootObject = E26C5F3821DF03B00061FF86 /* Project object */;
}
